// !$*UTF8*$!
{
	archiveVersion = 1;
	classes = {
	};
	objectVersion = 56;
	objects = {

/* Begin PBXBuildFile section */
		5F54B7502B33F813004640F8 /* FilterViewController.swift in Sources */ = {isa = PBXBuildFile; fileRef = 5F54B74F2B33F813004640F8 /* FilterViewController.swift */; };
		5F54B7522B33F85D004640F8 /* FilterViewLayout.swift in Sources */ = {isa = PBXBuildFile; fileRef = 5F54B7512B33F85D004640F8 /* FilterViewLayout.swift */; };
		5F54B7562B350C66004640F8 /* CustomSliderView.swift in Sources */ = {isa = PBXBuildFile; fileRef = 5F54B7552B350C66004640F8 /* CustomSliderView.swift */; };
		5F54B7592B36C5B1004640F8 /* DetailViewController.swift in Sources */ = {isa = PBXBuildFile; fileRef = 5F54B7582B36C5B1004640F8 /* DetailViewController.swift */; };
		5F54B75B2B36C604004640F8 /* DetailViewLayout.swift in Sources */ = {isa = PBXBuildFile; fileRef = 5F54B75A2B36C604004640F8 /* DetailViewLayout.swift */; };
		5F54B75E2B380B3E004640F8 /* Realm in Frameworks */ = {isa = PBXBuildFile; productRef = 5F54B75D2B380B3E004640F8 /* Realm */; };
		5F54B7602B380B3E004640F8 /* RealmSwift in Frameworks */ = {isa = PBXBuildFile; productRef = 5F54B75F2B380B3E004640F8 /* RealmSwift */; };
		5F54B7622B380C0A004640F8 /* CartItem.swift in Sources */ = {isa = PBXBuildFile; fileRef = 5F54B7612B380C0A004640F8 /* CartItem.swift */; };
		5F54B7642B380CAC004640F8 /* FavoriteItem.swift in Sources */ = {isa = PBXBuildFile; fileRef = 5F54B7632B380CAC004640F8 /* FavoriteItem.swift */; };
		5F54B7662B380D0A004640F8 /* RealmService.swift in Sources */ = {isa = PBXBuildFile; fileRef = 5F54B7652B380D0A004640F8 /* RealmService.swift */; };
		5F54B7692B381930004640F8 /* BasketViewLayout.swift in Sources */ = {isa = PBXBuildFile; fileRef = 5F54B7682B381930004640F8 /* BasketViewLayout.swift */; };
		5F54B76B2B3847DF004640F8 /* BasketTableViewCell.swift in Sources */ = {isa = PBXBuildFile; fileRef = 5F54B76A2B3847DF004640F8 /* BasketTableViewCell.swift */; };
		5F54B76E2B39B6D3004640F8 /* FavoriteViewLayout.swift in Sources */ = {isa = PBXBuildFile; fileRef = 5F54B76D2B39B6D3004640F8 /* FavoriteViewLayout.swift */; };
		5F60FF2A2B2AA90400E92218 /* AppDelegate.swift in Sources */ = {isa = PBXBuildFile; fileRef = 5F60FF292B2AA90400E92218 /* AppDelegate.swift */; };
		5F60FF2C2B2AA90400E92218 /* SceneDelegate.swift in Sources */ = {isa = PBXBuildFile; fileRef = 5F60FF2B2B2AA90400E92218 /* SceneDelegate.swift */; };
		5F60FF332B2AA90500E92218 /* Assets.xcassets in Resources */ = {isa = PBXBuildFile; fileRef = 5F60FF322B2AA90500E92218 /* Assets.xcassets */; };
		5F60FF362B2AA90500E92218 /* LaunchScreen.storyboard in Resources */ = {isa = PBXBuildFile; fileRef = 5F60FF342B2AA90500E92218 /* LaunchScreen.storyboard */; };
		5F60FF412B2AA90500E92218 /* ShopITTests.swift in Sources */ = {isa = PBXBuildFile; fileRef = 5F60FF402B2AA90500E92218 /* ShopITTests.swift */; };
		5F60FF4B2B2AA90500E92218 /* ShopITUITests.swift in Sources */ = {isa = PBXBuildFile; fileRef = 5F60FF4A2B2AA90500E92218 /* ShopITUITests.swift */; };
		5F60FF4D2B2AA90500E92218 /* ShopITUITestsLaunchTests.swift in Sources */ = {isa = PBXBuildFile; fileRef = 5F60FF4C2B2AA90500E92218 /* ShopITUITestsLaunchTests.swift */; };
		5F60FF612B2AABD600E92218 /* OnboardViewController.swift in Sources */ = {isa = PBXBuildFile; fileRef = 5F60FF602B2AABD600E92218 /* OnboardViewController.swift */; };
		5F60FF642B2AAC8800E92218 /* SnapKit in Frameworks */ = {isa = PBXBuildFile; productRef = 5F60FF632B2AAC8800E92218 /* SnapKit */; };
		5F60FF672B2AC98800E92218 /* Theme.swift in Sources */ = {isa = PBXBuildFile; fileRef = 5F60FF662B2AC98800E92218 /* Theme.swift */; };
		5F60FF692B2ACB8400E92218 /* AppTextConstants.swift in Sources */ = {isa = PBXBuildFile; fileRef = 5F60FF682B2ACB8400E92218 /* AppTextConstants.swift */; };
		5F60FF6B2B2ACCE200E92218 /* CustomLabel.swift in Sources */ = {isa = PBXBuildFile; fileRef = 5F60FF6A2B2ACCE200E92218 /* CustomLabel.swift */; };
		5F60FF6D2B2AD7DA00E92218 /* WelcomeViewController.swift in Sources */ = {isa = PBXBuildFile; fileRef = 5F60FF6C2B2AD7DA00E92218 /* WelcomeViewController.swift */; };
		5F60FF6F2B2B5CB000E92218 /* PrimaryButton.swift in Sources */ = {isa = PBXBuildFile; fileRef = 5F60FF6E2B2B5CB000E92218 /* PrimaryButton.swift */; };
		5FE2FCA52B2BEDDE004BB731 /* LoginViewController.swift in Sources */ = {isa = PBXBuildFile; fileRef = 5FE2FCA42B2BEDDE004BB731 /* LoginViewController.swift */; };
		5FE2FCA72B2C11F3004BB731 /* CustomTextField.swift in Sources */ = {isa = PBXBuildFile; fileRef = 5FE2FCA62B2C11F3004BB731 /* CustomTextField.swift */; };
		5FE2FCA92B2E9F76004BB731 /* CircularIconButton.swift in Sources */ = {isa = PBXBuildFile; fileRef = 5FE2FCA82B2E9F76004BB731 /* CircularIconButton.swift */; };
		5FE2FCAB2B2EAEF7004BB731 /* Extensions.swift in Sources */ = {isa = PBXBuildFile; fileRef = 5FE2FCAA2B2EAEF7004BB731 /* Extensions.swift */; };
		5FE2FCAE2B2EB2C5004BB731 /* IQKeyboardManagerSwift in Frameworks */ = {isa = PBXBuildFile; productRef = 5FE2FCAD2B2EB2C5004BB731 /* IQKeyboardManagerSwift */; };
		5FE2FCB02B2ECE54004BB731 /* SignUpViewController.swift in Sources */ = {isa = PBXBuildFile; fileRef = 5FE2FCAF2B2ECE54004BB731 /* SignUpViewController.swift */; };
		5FE2FCB22B2ED121004BB731 /* CustomCheckButton.swift in Sources */ = {isa = PBXBuildFile; fileRef = 5FE2FCB12B2ED121004BB731 /* CustomCheckButton.swift */; };
		5FE2FCB42B2FABBA004BB731 /* MainTabbarController.swift in Sources */ = {isa = PBXBuildFile; fileRef = 5FE2FCB32B2FABBA004BB731 /* MainTabbarController.swift */; };
		5FE2FCB62B2FABE7004BB731 /* HomeViewController.swift in Sources */ = {isa = PBXBuildFile; fileRef = 5FE2FCB52B2FABE7004BB731 /* HomeViewController.swift */; };
		5FE2FCB82B2FAC01004BB731 /* BasketViewController.swift in Sources */ = {isa = PBXBuildFile; fileRef = 5FE2FCB72B2FAC01004BB731 /* BasketViewController.swift */; };
		5FE2FCBA2B2FAC12004BB731 /* ProfileViewController.swift in Sources */ = {isa = PBXBuildFile; fileRef = 5FE2FCB92B2FAC12004BB731 /* ProfileViewController.swift */; };
		5FE2FCBC2B2FACAC004BB731 /* FavoriteViewController.swift in Sources */ = {isa = PBXBuildFile; fileRef = 5FE2FCBB2B2FACAC004BB731 /* FavoriteViewController.swift */; };
		5FE2FCBE2B30EB25004BB731 /* CustomCategoryButton.swift in Sources */ = {isa = PBXBuildFile; fileRef = 5FE2FCBD2B30EB25004BB731 /* CustomCategoryButton.swift */; };
		5FE2FCC02B30F0A0004BB731 /* CategoryListButtons.swift in Sources */ = {isa = PBXBuildFile; fileRef = 5FE2FCBF2B30F0A0004BB731 /* CategoryListButtons.swift */; };
		5FE2FCC22B310CBC004BB731 /* ProductModel.swift in Sources */ = {isa = PBXBuildFile; fileRef = 5FE2FCC12B310CBC004BB731 /* ProductModel.swift */; };
		5FE2FCC52B310D05004BB731 /* Alamofire in Frameworks */ = {isa = PBXBuildFile; productRef = 5FE2FCC42B310D05004BB731 /* Alamofire */; };
		5FE2FCC72B310E77004BB731 /* ProductService.swift in Sources */ = {isa = PBXBuildFile; fileRef = 5FE2FCC62B310E77004BB731 /* ProductService.swift */; };
		5FE2FCC92B311587004BB731 /* SearchBarContainer.swift in Sources */ = {isa = PBXBuildFile; fileRef = 5FE2FCC82B311587004BB731 /* SearchBarContainer.swift */; };
		5FE2FCCC2B3117D9004BB731 /* HomeViewLayout.swift in Sources */ = {isa = PBXBuildFile; fileRef = 5FE2FCCB2B3117D9004BB731 /* HomeViewLayout.swift */; };
		5FE2FCCF2B3150F1004BB731 /* APIEndpoint.swift in Sources */ = {isa = PBXBuildFile; fileRef = 5FE2FCCE2B3150F1004BB731 /* APIEndpoint.swift */; };
		5FE2FCD12B315221004BB731 /* NetworkRequest.swift in Sources */ = {isa = PBXBuildFile; fileRef = 5FE2FCD02B315221004BB731 /* NetworkRequest.swift */; };
		5FE2FCD32B3152A3004BB731 /* NetworkService.swift in Sources */ = {isa = PBXBuildFile; fileRef = 5FE2FCD22B3152A3004BB731 /* NetworkService.swift */; };
		5FE2FCD52B31549A004BB731 /* ProductRequest.swift in Sources */ = {isa = PBXBuildFile; fileRef = 5FE2FCD42B31549A004BB731 /* ProductRequest.swift */; };
		5FE2FCD72B3182A0004BB731 /* HomeCollectionViewCell.swift in Sources */ = {isa = PBXBuildFile; fileRef = 5FE2FCD62B3182A0004BB731 /* HomeCollectionViewCell.swift */; };
		5FE2FCDA2B318E3B004BB731 /* SDWebImage in Frameworks */ = {isa = PBXBuildFile; productRef = 5FE2FCD92B318E3B004BB731 /* SDWebImage */; };
		5FE2FCDC2B3278F7004BB731 /* SearchViewController.swift in Sources */ = {isa = PBXBuildFile; fileRef = 5FE2FCDB2B3278F7004BB731 /* SearchViewController.swift */; };
		5FE2FCDF2B327DF8004BB731 /* SearchViewLayout.swift in Sources */ = {isa = PBXBuildFile; fileRef = 5FE2FCDE2B327DF8004BB731 /* SearchViewLayout.swift */; };
/* End PBXBuildFile section */

/* Begin PBXContainerItemProxy section */
		5F60FF3D2B2AA90500E92218 /* PBXContainerItemProxy */ = {
			isa = PBXContainerItemProxy;
			containerPortal = 5F60FF1E2B2AA90400E92218 /* Project object */;
			proxyType = 1;
			remoteGlobalIDString = 5F60FF252B2AA90400E92218;
			remoteInfo = ShopIT;
		};
		5F60FF472B2AA90500E92218 /* PBXContainerItemProxy */ = {
			isa = PBXContainerItemProxy;
			containerPortal = 5F60FF1E2B2AA90400E92218 /* Project object */;
			proxyType = 1;
			remoteGlobalIDString = 5F60FF252B2AA90400E92218;
			remoteInfo = ShopIT;
		};
/* End PBXContainerItemProxy section */

/* Begin PBXFileReference section */
		5F54B74F2B33F813004640F8 /* FilterViewController.swift */ = {isa = PBXFileReference; lastKnownFileType = sourcecode.swift; path = FilterViewController.swift; sourceTree = "<group>"; };
		5F54B7512B33F85D004640F8 /* FilterViewLayout.swift */ = {isa = PBXFileReference; lastKnownFileType = sourcecode.swift; path = FilterViewLayout.swift; sourceTree = "<group>"; };
		5F54B7552B350C66004640F8 /* CustomSliderView.swift */ = {isa = PBXFileReference; lastKnownFileType = sourcecode.swift; path = CustomSliderView.swift; sourceTree = "<group>"; };
		5F54B7582B36C5B1004640F8 /* DetailViewController.swift */ = {isa = PBXFileReference; lastKnownFileType = sourcecode.swift; path = DetailViewController.swift; sourceTree = "<group>"; };
		5F54B75A2B36C604004640F8 /* DetailViewLayout.swift */ = {isa = PBXFileReference; lastKnownFileType = sourcecode.swift; path = DetailViewLayout.swift; sourceTree = "<group>"; };
		5F54B7612B380C0A004640F8 /* CartItem.swift */ = {isa = PBXFileReference; lastKnownFileType = sourcecode.swift; path = CartItem.swift; sourceTree = "<group>"; };
		5F54B7632B380CAC004640F8 /* FavoriteItem.swift */ = {isa = PBXFileReference; lastKnownFileType = sourcecode.swift; path = FavoriteItem.swift; sourceTree = "<group>"; };
		5F54B7652B380D0A004640F8 /* RealmService.swift */ = {isa = PBXFileReference; lastKnownFileType = sourcecode.swift; path = RealmService.swift; sourceTree = "<group>"; };
		5F54B7682B381930004640F8 /* BasketViewLayout.swift */ = {isa = PBXFileReference; lastKnownFileType = sourcecode.swift; path = BasketViewLayout.swift; sourceTree = "<group>"; };
		5F54B76A2B3847DF004640F8 /* BasketTableViewCell.swift */ = {isa = PBXFileReference; lastKnownFileType = sourcecode.swift; path = BasketTableViewCell.swift; sourceTree = "<group>"; };
		5F54B76D2B39B6D3004640F8 /* FavoriteViewLayout.swift */ = {isa = PBXFileReference; lastKnownFileType = sourcecode.swift; path = FavoriteViewLayout.swift; sourceTree = "<group>"; };
		5F60FF262B2AA90400E92218 /* ShopIT.app */ = {isa = PBXFileReference; explicitFileType = wrapper.application; includeInIndex = 0; path = ShopIT.app; sourceTree = BUILT_PRODUCTS_DIR; };
		5F60FF292B2AA90400E92218 /* AppDelegate.swift */ = {isa = PBXFileReference; lastKnownFileType = sourcecode.swift; path = AppDelegate.swift; sourceTree = "<group>"; };
		5F60FF2B2B2AA90400E92218 /* SceneDelegate.swift */ = {isa = PBXFileReference; lastKnownFileType = sourcecode.swift; path = SceneDelegate.swift; sourceTree = "<group>"; };
		5F60FF322B2AA90500E92218 /* Assets.xcassets */ = {isa = PBXFileReference; lastKnownFileType = folder.assetcatalog; path = Assets.xcassets; sourceTree = "<group>"; };
		5F60FF352B2AA90500E92218 /* Base */ = {isa = PBXFileReference; lastKnownFileType = file.storyboard; name = Base; path = Base.lproj/LaunchScreen.storyboard; sourceTree = "<group>"; };
		5F60FF372B2AA90500E92218 /* Info.plist */ = {isa = PBXFileReference; lastKnownFileType = text.plist.xml; path = Info.plist; sourceTree = "<group>"; };
		5F60FF3C2B2AA90500E92218 /* ShopITTests.xctest */ = {isa = PBXFileReference; explicitFileType = wrapper.cfbundle; includeInIndex = 0; path = ShopITTests.xctest; sourceTree = BUILT_PRODUCTS_DIR; };
		5F60FF402B2AA90500E92218 /* ShopITTests.swift */ = {isa = PBXFileReference; lastKnownFileType = sourcecode.swift; path = ShopITTests.swift; sourceTree = "<group>"; };
		5F60FF462B2AA90500E92218 /* ShopITUITests.xctest */ = {isa = PBXFileReference; explicitFileType = wrapper.cfbundle; includeInIndex = 0; path = ShopITUITests.xctest; sourceTree = BUILT_PRODUCTS_DIR; };
		5F60FF4A2B2AA90500E92218 /* ShopITUITests.swift */ = {isa = PBXFileReference; lastKnownFileType = sourcecode.swift; path = ShopITUITests.swift; sourceTree = "<group>"; };
		5F60FF4C2B2AA90500E92218 /* ShopITUITestsLaunchTests.swift */ = {isa = PBXFileReference; lastKnownFileType = sourcecode.swift; path = ShopITUITestsLaunchTests.swift; sourceTree = "<group>"; };
		5F60FF602B2AABD600E92218 /* OnboardViewController.swift */ = {isa = PBXFileReference; lastKnownFileType = sourcecode.swift; path = OnboardViewController.swift; sourceTree = "<group>"; };
		5F60FF662B2AC98800E92218 /* Theme.swift */ = {isa = PBXFileReference; lastKnownFileType = sourcecode.swift; path = Theme.swift; sourceTree = "<group>"; };
		5F60FF682B2ACB8400E92218 /* AppTextConstants.swift */ = {isa = PBXFileReference; lastKnownFileType = sourcecode.swift; path = AppTextConstants.swift; sourceTree = "<group>"; };
		5F60FF6A2B2ACCE200E92218 /* CustomLabel.swift */ = {isa = PBXFileReference; lastKnownFileType = sourcecode.swift; path = CustomLabel.swift; sourceTree = "<group>"; };
		5F60FF6C2B2AD7DA00E92218 /* WelcomeViewController.swift */ = {isa = PBXFileReference; lastKnownFileType = sourcecode.swift; path = WelcomeViewController.swift; sourceTree = "<group>"; };
		5F60FF6E2B2B5CB000E92218 /* PrimaryButton.swift */ = {isa = PBXFileReference; lastKnownFileType = sourcecode.swift; path = PrimaryButton.swift; sourceTree = "<group>"; };
		5FE2FCA42B2BEDDE004BB731 /* LoginViewController.swift */ = {isa = PBXFileReference; lastKnownFileType = sourcecode.swift; path = LoginViewController.swift; sourceTree = "<group>"; };
		5FE2FCA62B2C11F3004BB731 /* CustomTextField.swift */ = {isa = PBXFileReference; lastKnownFileType = sourcecode.swift; path = CustomTextField.swift; sourceTree = "<group>"; };
		5FE2FCA82B2E9F76004BB731 /* CircularIconButton.swift */ = {isa = PBXFileReference; lastKnownFileType = sourcecode.swift; path = CircularIconButton.swift; sourceTree = "<group>"; };
		5FE2FCAA2B2EAEF7004BB731 /* Extensions.swift */ = {isa = PBXFileReference; lastKnownFileType = sourcecode.swift; path = Extensions.swift; sourceTree = "<group>"; };
		5FE2FCAF2B2ECE54004BB731 /* SignUpViewController.swift */ = {isa = PBXFileReference; lastKnownFileType = sourcecode.swift; path = SignUpViewController.swift; sourceTree = "<group>"; };
		5FE2FCB12B2ED121004BB731 /* CustomCheckButton.swift */ = {isa = PBXFileReference; lastKnownFileType = sourcecode.swift; path = CustomCheckButton.swift; sourceTree = "<group>"; };
		5FE2FCB32B2FABBA004BB731 /* MainTabbarController.swift */ = {isa = PBXFileReference; lastKnownFileType = sourcecode.swift; path = MainTabbarController.swift; sourceTree = "<group>"; };
		5FE2FCB52B2FABE7004BB731 /* HomeViewController.swift */ = {isa = PBXFileReference; lastKnownFileType = sourcecode.swift; path = HomeViewController.swift; sourceTree = "<group>"; };
		5FE2FCB72B2FAC01004BB731 /* BasketViewController.swift */ = {isa = PBXFileReference; lastKnownFileType = sourcecode.swift; path = BasketViewController.swift; sourceTree = "<group>"; };
		5FE2FCB92B2FAC12004BB731 /* ProfileViewController.swift */ = {isa = PBXFileReference; lastKnownFileType = sourcecode.swift; path = ProfileViewController.swift; sourceTree = "<group>"; };
		5FE2FCBB2B2FACAC004BB731 /* FavoriteViewController.swift */ = {isa = PBXFileReference; lastKnownFileType = sourcecode.swift; path = FavoriteViewController.swift; sourceTree = "<group>"; };
		5FE2FCBD2B30EB25004BB731 /* CustomCategoryButton.swift */ = {isa = PBXFileReference; lastKnownFileType = sourcecode.swift; path = CustomCategoryButton.swift; sourceTree = "<group>"; };
		5FE2FCBF2B30F0A0004BB731 /* CategoryListButtons.swift */ = {isa = PBXFileReference; lastKnownFileType = sourcecode.swift; path = CategoryListButtons.swift; sourceTree = "<group>"; };
		5FE2FCC12B310CBC004BB731 /* ProductModel.swift */ = {isa = PBXFileReference; lastKnownFileType = sourcecode.swift; path = ProductModel.swift; sourceTree = "<group>"; };
		5FE2FCC62B310E77004BB731 /* ProductService.swift */ = {isa = PBXFileReference; lastKnownFileType = sourcecode.swift; path = ProductService.swift; sourceTree = "<group>"; };
		5FE2FCC82B311587004BB731 /* SearchBarContainer.swift */ = {isa = PBXFileReference; lastKnownFileType = sourcecode.swift; path = SearchBarContainer.swift; sourceTree = "<group>"; };
		5FE2FCCB2B3117D9004BB731 /* HomeViewLayout.swift */ = {isa = PBXFileReference; lastKnownFileType = sourcecode.swift; path = HomeViewLayout.swift; sourceTree = "<group>"; };
		5FE2FCCE2B3150F1004BB731 /* APIEndpoint.swift */ = {isa = PBXFileReference; lastKnownFileType = sourcecode.swift; path = APIEndpoint.swift; sourceTree = "<group>"; };
		5FE2FCD02B315221004BB731 /* NetworkRequest.swift */ = {isa = PBXFileReference; lastKnownFileType = sourcecode.swift; path = NetworkRequest.swift; sourceTree = "<group>"; };
		5FE2FCD22B3152A3004BB731 /* NetworkService.swift */ = {isa = PBXFileReference; lastKnownFileType = sourcecode.swift; path = NetworkService.swift; sourceTree = "<group>"; };
		5FE2FCD42B31549A004BB731 /* ProductRequest.swift */ = {isa = PBXFileReference; lastKnownFileType = sourcecode.swift; path = ProductRequest.swift; sourceTree = "<group>"; };
		5FE2FCD62B3182A0004BB731 /* HomeCollectionViewCell.swift */ = {isa = PBXFileReference; lastKnownFileType = sourcecode.swift; path = HomeCollectionViewCell.swift; sourceTree = "<group>"; };
		5FE2FCDB2B3278F7004BB731 /* SearchViewController.swift */ = {isa = PBXFileReference; lastKnownFileType = sourcecode.swift; path = SearchViewController.swift; sourceTree = "<group>"; };
		5FE2FCDE2B327DF8004BB731 /* SearchViewLayout.swift */ = {isa = PBXFileReference; lastKnownFileType = sourcecode.swift; path = SearchViewLayout.swift; sourceTree = "<group>"; };
/* End PBXFileReference section */

/* Begin PBXFrameworksBuildPhase section */
		5F60FF232B2AA90400E92218 /* Frameworks */ = {
			isa = PBXFrameworksBuildPhase;
			buildActionMask = 2147483647;
			files = (
				5F54B7602B380B3E004640F8 /* RealmSwift in Frameworks */,
				5FE2FCC52B310D05004BB731 /* Alamofire in Frameworks */,
				5F60FF642B2AAC8800E92218 /* SnapKit in Frameworks */,
				5FE2FCDA2B318E3B004BB731 /* SDWebImage in Frameworks */,
				5FE2FCAE2B2EB2C5004BB731 /* IQKeyboardManagerSwift in Frameworks */,
				5F54B75E2B380B3E004640F8 /* Realm in Frameworks */,
			);
			runOnlyForDeploymentPostprocessing = 0;
		};
		5F60FF392B2AA90500E92218 /* Frameworks */ = {
			isa = PBXFrameworksBuildPhase;
			buildActionMask = 2147483647;
			files = (
			);
			runOnlyForDeploymentPostprocessing = 0;
		};
		5F60FF432B2AA90500E92218 /* Frameworks */ = {
			isa = PBXFrameworksBuildPhase;
			buildActionMask = 2147483647;
			files = (
			);
			runOnlyForDeploymentPostprocessing = 0;
		};
/* End PBXFrameworksBuildPhase section */

/* Begin PBXGroup section */
		5F54B74E2B33F7F3004640F8 /* FilterViewControllers */ = {
			isa = PBXGroup;
			children = (
				5F54B74F2B33F813004640F8 /* FilterViewController.swift */,
				5F54B7512B33F85D004640F8 /* FilterViewLayout.swift */,
			);
			path = FilterViewControllers;
			sourceTree = "<group>";
		};
		5F54B7572B36C590004640F8 /* DetailViewControllers */ = {
			isa = PBXGroup;
			children = (
				5F54B7582B36C5B1004640F8 /* DetailViewController.swift */,
				5F54B75A2B36C604004640F8 /* DetailViewLayout.swift */,
			);
			path = DetailViewControllers;
			sourceTree = "<group>";
		};
		5F54B7672B38191C004640F8 /* BasketViewControlles */ = {
			isa = PBXGroup;
			children = (
				5FE2FCB72B2FAC01004BB731 /* BasketViewController.swift */,
				5F54B7682B381930004640F8 /* BasketViewLayout.swift */,
			);
			path = BasketViewControlles;
			sourceTree = "<group>";
		};
		5F54B76C2B39B6BC004640F8 /* FavoriteViewControllers */ = {
			isa = PBXGroup;
			children = (
				5FE2FCBB2B2FACAC004BB731 /* FavoriteViewController.swift */,
				5F54B76D2B39B6D3004640F8 /* FavoriteViewLayout.swift */,
			);
			path = FavoriteViewControllers;
			sourceTree = "<group>";
		};
		5F60FF1D2B2AA90400E92218 = {
			isa = PBXGroup;
			children = (
				5F60FF282B2AA90400E92218 /* ShopIT */,
				5F60FF3F2B2AA90500E92218 /* ShopITTests */,
				5F60FF492B2AA90500E92218 /* ShopITUITests */,
				5F60FF272B2AA90400E92218 /* Products */,
			);
			sourceTree = "<group>";
		};
		5F60FF272B2AA90400E92218 /* Products */ = {
			isa = PBXGroup;
			children = (
				5F60FF262B2AA90400E92218 /* ShopIT.app */,
				5F60FF3C2B2AA90500E92218 /* ShopITTests.xctest */,
				5F60FF462B2AA90500E92218 /* ShopITUITests.xctest */,
			);
			name = Products;
			sourceTree = "<group>";
		};
		5F60FF282B2AA90400E92218 /* ShopIT */ = {
			isa = PBXGroup;
			children = (
				5F60FF5F2B2AAAEB00E92218 /* Models */,
				5F60FF5E2B2AAAE600E92218 /* Views */,
				5F60FF5D2B2AAAD800E92218 /* Controllers */,
				5F60FF5C2B2AAAC800E92218 /* Services */,
				5FE2FCCD2B3150C0004BB731 /* Networking */,
				5F60FF5B2B2AAABB00E92218 /* Utilities */,
				5F60FF5A2B2AAAA700E92218 /* Resources */,
				5F60FF592B2AAA7900E92218 /* SupportingFiles */,
				5F60FF292B2AA90400E92218 /* AppDelegate.swift */,
				5F60FF2B2B2AA90400E92218 /* SceneDelegate.swift */,
				5F60FF372B2AA90500E92218 /* Info.plist */,
			);
			path = ShopIT;
			sourceTree = "<group>";
		};
		5F60FF3F2B2AA90500E92218 /* ShopITTests */ = {
			isa = PBXGroup;
			children = (
				5F60FF402B2AA90500E92218 /* ShopITTests.swift */,
			);
			path = ShopITTests;
			sourceTree = "<group>";
		};
		5F60FF492B2AA90500E92218 /* ShopITUITests */ = {
			isa = PBXGroup;
			children = (
				5F60FF4A2B2AA90500E92218 /* ShopITUITests.swift */,
				5F60FF4C2B2AA90500E92218 /* ShopITUITestsLaunchTests.swift */,
			);
			path = ShopITUITests;
			sourceTree = "<group>";
		};
		5F60FF592B2AAA7900E92218 /* SupportingFiles */ = {
			isa = PBXGroup;
			children = (
				5F60FF342B2AA90500E92218 /* LaunchScreen.storyboard */,
			);
			path = SupportingFiles;
			sourceTree = "<group>";
		};
		5F60FF5A2B2AAAA700E92218 /* Resources */ = {
			isa = PBXGroup;
			children = (
				5F60FF322B2AA90500E92218 /* Assets.xcassets */,
			);
			path = Resources;
			sourceTree = "<group>";
		};
		5F60FF5B2B2AAABB00E92218 /* Utilities */ = {
			isa = PBXGroup;
			children = (
				5F60FF662B2AC98800E92218 /* Theme.swift */,
				5F60FF682B2ACB8400E92218 /* AppTextConstants.swift */,
				5FE2FCAA2B2EAEF7004BB731 /* Extensions.swift */,
			);
			path = Utilities;
			sourceTree = "<group>";
		};
		5F60FF5C2B2AAAC800E92218 /* Services */ = {
			isa = PBXGroup;
			children = (
				5FE2FCC62B310E77004BB731 /* ProductService.swift */,
				5F54B7652B380D0A004640F8 /* RealmService.swift */,
			);
			path = Services;
			sourceTree = "<group>";
		};
		5F60FF5D2B2AAAD800E92218 /* Controllers */ = {
			isa = PBXGroup;
			children = (
				5F54B7572B36C590004640F8 /* DetailViewControllers */,
				5F54B74E2B33F7F3004640F8 /* FilterViewControllers */,
				5FE2FCA32B2BED72004BB731 /* LoginSigunUpControllers */,
				5F60FF652B2ABE8B00E92218 /* OnboardControllers */,
				5FE2FCB32B2FABBA004BB731 /* MainTabbarController.swift */,
				5FE2FCCA2B3117BA004BB731 /* HomeViewControllers */,
				5F54B7672B38191C004640F8 /* BasketViewControlles */,
				5FE2FCB92B2FAC12004BB731 /* ProfileViewController.swift */,
				5F54B76C2B39B6BC004640F8 /* FavoriteViewControllers */,
				5FE2FCDD2B327BDB004BB731 /* SearchViewControllers */,
			);
			path = Controllers;
			sourceTree = "<group>";
		};
		5F60FF5E2B2AAAE600E92218 /* Views */ = {
			isa = PBXGroup;
			children = (
				5F60FF6A2B2ACCE200E92218 /* CustomLabel.swift */,
				5F60FF6E2B2B5CB000E92218 /* PrimaryButton.swift */,
				5FE2FCA62B2C11F3004BB731 /* CustomTextField.swift */,
				5FE2FCA82B2E9F76004BB731 /* CircularIconButton.swift */,
				5FE2FCB12B2ED121004BB731 /* CustomCheckButton.swift */,
				5FE2FCBD2B30EB25004BB731 /* CustomCategoryButton.swift */,
				5FE2FCBF2B30F0A0004BB731 /* CategoryListButtons.swift */,
				5FE2FCC82B311587004BB731 /* SearchBarContainer.swift */,
				5FE2FCD62B3182A0004BB731 /* HomeCollectionViewCell.swift */,
				5F54B7552B350C66004640F8 /* CustomSliderView.swift */,
				5F54B76A2B3847DF004640F8 /* BasketTableViewCell.swift */,
			);
			path = Views;
			sourceTree = "<group>";
		};
		5F60FF5F2B2AAAEB00E92218 /* Models */ = {
			isa = PBXGroup;
			children = (
				5FE2FCC12B310CBC004BB731 /* ProductModel.swift */,
				5F54B7612B380C0A004640F8 /* CartItem.swift */,
				5F54B7632B380CAC004640F8 /* FavoriteItem.swift */,
			);
			path = Models;
			sourceTree = "<group>";
		};
		5F60FF652B2ABE8B00E92218 /* OnboardControllers */ = {
			isa = PBXGroup;
			children = (
				5F60FF602B2AABD600E92218 /* OnboardViewController.swift */,
				5F60FF6C2B2AD7DA00E92218 /* WelcomeViewController.swift */,
			);
			path = OnboardControllers;
			sourceTree = "<group>";
		};
		5FE2FCA32B2BED72004BB731 /* LoginSigunUpControllers */ = {
			isa = PBXGroup;
			children = (
				5FE2FCA42B2BEDDE004BB731 /* LoginViewController.swift */,
				5FE2FCAF2B2ECE54004BB731 /* SignUpViewController.swift */,
			);
			path = LoginSigunUpControllers;
			sourceTree = "<group>";
		};
		5FE2FCCA2B3117BA004BB731 /* HomeViewControllers */ = {
			isa = PBXGroup;
			children = (
				5FE2FCB52B2FABE7004BB731 /* HomeViewController.swift */,
				5FE2FCCB2B3117D9004BB731 /* HomeViewLayout.swift */,
			);
			path = HomeViewControllers;
			sourceTree = "<group>";
		};
		5FE2FCCD2B3150C0004BB731 /* Networking */ = {
			isa = PBXGroup;
			children = (
				5FE2FCCE2B3150F1004BB731 /* APIEndpoint.swift */,
				5FE2FCD02B315221004BB731 /* NetworkRequest.swift */,
				5FE2FCD22B3152A3004BB731 /* NetworkService.swift */,
				5FE2FCD42B31549A004BB731 /* ProductRequest.swift */,
			);
			path = Networking;
			sourceTree = "<group>";
		};
		5FE2FCDD2B327BDB004BB731 /* SearchViewControllers */ = {
			isa = PBXGroup;
			children = (
				5FE2FCDB2B3278F7004BB731 /* SearchViewController.swift */,
				5FE2FCDE2B327DF8004BB731 /* SearchViewLayout.swift */,
			);
			path = SearchViewControllers;
			sourceTree = "<group>";
		};
/* End PBXGroup section */

/* Begin PBXNativeTarget section */
		5F60FF252B2AA90400E92218 /* ShopIT */ = {
			isa = PBXNativeTarget;
			buildConfigurationList = 5F60FF502B2AA90500E92218 /* Build configuration list for PBXNativeTarget "ShopIT" */;
			buildPhases = (
				5F60FF222B2AA90400E92218 /* Sources */,
				5F60FF232B2AA90400E92218 /* Frameworks */,
				5F60FF242B2AA90400E92218 /* Resources */,
			);
			buildRules = (
			);
			dependencies = (
			);
			name = ShopIT;
			packageProductDependencies = (
				5F60FF632B2AAC8800E92218 /* SnapKit */,
				5FE2FCAD2B2EB2C5004BB731 /* IQKeyboardManagerSwift */,
				5FE2FCC42B310D05004BB731 /* Alamofire */,
				5FE2FCD92B318E3B004BB731 /* SDWebImage */,
				5F54B75D2B380B3E004640F8 /* Realm */,
				5F54B75F2B380B3E004640F8 /* RealmSwift */,
			);
			productName = ShopIT;
			productReference = 5F60FF262B2AA90400E92218 /* ShopIT.app */;
			productType = "com.apple.product-type.application";
		};
		5F60FF3B2B2AA90500E92218 /* ShopITTests */ = {
			isa = PBXNativeTarget;
			buildConfigurationList = 5F60FF532B2AA90500E92218 /* Build configuration list for PBXNativeTarget "ShopITTests" */;
			buildPhases = (
				5F60FF382B2AA90500E92218 /* Sources */,
				5F60FF392B2AA90500E92218 /* Frameworks */,
				5F60FF3A2B2AA90500E92218 /* Resources */,
			);
			buildRules = (
			);
			dependencies = (
				5F60FF3E2B2AA90500E92218 /* PBXTargetDependency */,
			);
			name = ShopITTests;
			productName = ShopITTests;
			productReference = 5F60FF3C2B2AA90500E92218 /* ShopITTests.xctest */;
			productType = "com.apple.product-type.bundle.unit-test";
		};
		5F60FF452B2AA90500E92218 /* ShopITUITests */ = {
			isa = PBXNativeTarget;
			buildConfigurationList = 5F60FF562B2AA90500E92218 /* Build configuration list for PBXNativeTarget "ShopITUITests" */;
			buildPhases = (
				5F60FF422B2AA90500E92218 /* Sources */,
				5F60FF432B2AA90500E92218 /* Frameworks */,
				5F60FF442B2AA90500E92218 /* Resources */,
			);
			buildRules = (
			);
			dependencies = (
				5F60FF482B2AA90500E92218 /* PBXTargetDependency */,
			);
			name = ShopITUITests;
			productName = ShopITUITests;
			productReference = 5F60FF462B2AA90500E92218 /* ShopITUITests.xctest */;
			productType = "com.apple.product-type.bundle.ui-testing";
		};
/* End PBXNativeTarget section */

/* Begin PBXProject section */
		5F60FF1E2B2AA90400E92218 /* Project object */ = {
			isa = PBXProject;
			attributes = {
				BuildIndependentTargetsInParallel = 1;
				LastSwiftUpdateCheck = 1500;
				LastUpgradeCheck = 1500;
				TargetAttributes = {
					5F60FF252B2AA90400E92218 = {
						CreatedOnToolsVersion = 15.0.1;
					};
					5F60FF3B2B2AA90500E92218 = {
						CreatedOnToolsVersion = 15.0.1;
						TestTargetID = 5F60FF252B2AA90400E92218;
					};
					5F60FF452B2AA90500E92218 = {
						CreatedOnToolsVersion = 15.0.1;
						TestTargetID = 5F60FF252B2AA90400E92218;
					};
				};
			};
			buildConfigurationList = 5F60FF212B2AA90400E92218 /* Build configuration list for PBXProject "ShopIT" */;
			compatibilityVersion = "Xcode 14.0";
			developmentRegion = en;
			hasScannedForEncodings = 0;
			knownRegions = (
				en,
				Base,
			);
			mainGroup = 5F60FF1D2B2AA90400E92218;
			packageReferences = (
				5F60FF622B2AAC8800E92218 /* XCRemoteSwiftPackageReference "SnapKit" */,
				5FE2FCAC2B2EB2C5004BB731 /* XCRemoteSwiftPackageReference "IQKeyboardManager" */,
				5FE2FCC32B310D05004BB731 /* XCRemoteSwiftPackageReference "Alamofire" */,
				5FE2FCD82B318E3B004BB731 /* XCRemoteSwiftPackageReference "SDWebImage" */,
				5F54B75C2B380B3E004640F8 /* XCRemoteSwiftPackageReference "realm-swift" */,
			);
			productRefGroup = 5F60FF272B2AA90400E92218 /* Products */;
			projectDirPath = "";
			projectRoot = "";
			targets = (
				5F60FF252B2AA90400E92218 /* ShopIT */,
				5F60FF3B2B2AA90500E92218 /* ShopITTests */,
				5F60FF452B2AA90500E92218 /* ShopITUITests */,
			);
		};
/* End PBXProject section */

/* Begin PBXResourcesBuildPhase section */
		5F60FF242B2AA90400E92218 /* Resources */ = {
			isa = PBXResourcesBuildPhase;
			buildActionMask = 2147483647;
			files = (
				5F60FF362B2AA90500E92218 /* LaunchScreen.storyboard in Resources */,
				5F60FF332B2AA90500E92218 /* Assets.xcassets in Resources */,
			);
			runOnlyForDeploymentPostprocessing = 0;
		};
		5F60FF3A2B2AA90500E92218 /* Resources */ = {
			isa = PBXResourcesBuildPhase;
			buildActionMask = 2147483647;
			files = (
			);
			runOnlyForDeploymentPostprocessing = 0;
		};
		5F60FF442B2AA90500E92218 /* Resources */ = {
			isa = PBXResourcesBuildPhase;
			buildActionMask = 2147483647;
			files = (
			);
			runOnlyForDeploymentPostprocessing = 0;
		};
/* End PBXResourcesBuildPhase section */

/* Begin PBXSourcesBuildPhase section */
		5F60FF222B2AA90400E92218 /* Sources */ = {
			isa = PBXSourcesBuildPhase;
			buildActionMask = 2147483647;
			files = (
				5FE2FCDF2B327DF8004BB731 /* SearchViewLayout.swift in Sources */,
				5FE2FCB82B2FAC01004BB731 /* BasketViewController.swift in Sources */,
				5FE2FCA92B2E9F76004BB731 /* CircularIconButton.swift in Sources */,
				5FE2FCBE2B30EB25004BB731 /* CustomCategoryButton.swift in Sources */,
				5F54B7692B381930004640F8 /* BasketViewLayout.swift in Sources */,
				5FE2FCA52B2BEDDE004BB731 /* LoginViewController.swift in Sources */,
				5F54B76E2B39B6D3004640F8 /* FavoriteViewLayout.swift in Sources */,
				5FE2FCB42B2FABBA004BB731 /* MainTabbarController.swift in Sources */,
				5FE2FCD72B3182A0004BB731 /* HomeCollectionViewCell.swift in Sources */,
				5FE2FCCF2B3150F1004BB731 /* APIEndpoint.swift in Sources */,
				5FE2FCDC2B3278F7004BB731 /* SearchViewController.swift in Sources */,
				5FE2FCD32B3152A3004BB731 /* NetworkService.swift in Sources */,
				5FE2FCCC2B3117D9004BB731 /* HomeViewLayout.swift in Sources */,
				5F54B75B2B36C604004640F8 /* DetailViewLayout.swift in Sources */,
				5F54B76B2B3847DF004640F8 /* BasketTableViewCell.swift in Sources */,
				5F60FF2A2B2AA90400E92218 /* AppDelegate.swift in Sources */,
				5F60FF672B2AC98800E92218 /* Theme.swift in Sources */,
				5FE2FCC22B310CBC004BB731 /* ProductModel.swift in Sources */,
				5F54B7562B350C66004640F8 /* CustomSliderView.swift in Sources */,
				5FE2FCBA2B2FAC12004BB731 /* ProfileViewController.swift in Sources */,
				5F60FF2C2B2AA90400E92218 /* SceneDelegate.swift in Sources */,
				5FE2FCC72B310E77004BB731 /* ProductService.swift in Sources */,
				5F54B7592B36C5B1004640F8 /* DetailViewController.swift in Sources */,
				5FE2FCA72B2C11F3004BB731 /* CustomTextField.swift in Sources */,
				5F60FF6B2B2ACCE200E92218 /* CustomLabel.swift in Sources */,
				5FE2FCB22B2ED121004BB731 /* CustomCheckButton.swift in Sources */,
				5F54B7502B33F813004640F8 /* FilterViewController.swift in Sources */,
				5FE2FCAB2B2EAEF7004BB731 /* Extensions.swift in Sources */,
				5F60FF692B2ACB8400E92218 /* AppTextConstants.swift in Sources */,
				5FE2FCC02B30F0A0004BB731 /* CategoryListButtons.swift in Sources */,
				5F54B7662B380D0A004640F8 /* RealmService.swift in Sources */,
				5FE2FCD52B31549A004BB731 /* ProductRequest.swift in Sources */,
				5FE2FCC92B311587004BB731 /* SearchBarContainer.swift in Sources */,
				5FE2FCB62B2FABE7004BB731 /* HomeViewController.swift in Sources */,
				5FE2FCBC2B2FACAC004BB731 /* FavoriteViewController.swift in Sources */,
				5F60FF612B2AABD600E92218 /* OnboardViewController.swift in Sources */,
				5F60FF6F2B2B5CB000E92218 /* PrimaryButton.swift in Sources */,
				5FE2FCB02B2ECE54004BB731 /* SignUpViewController.swift in Sources */,
				5FE2FCD12B315221004BB731 /* NetworkRequest.swift in Sources */,
				5F54B7642B380CAC004640F8 /* FavoriteItem.swift in Sources */,
				5F54B7522B33F85D004640F8 /* FilterViewLayout.swift in Sources */,
				5F54B7622B380C0A004640F8 /* CartItem.swift in Sources */,
				5F60FF6D2B2AD7DA00E92218 /* WelcomeViewController.swift in Sources */,
			);
			runOnlyForDeploymentPostprocessing = 0;
		};
		5F60FF382B2AA90500E92218 /* Sources */ = {
			isa = PBXSourcesBuildPhase;
			buildActionMask = 2147483647;
			files = (
				5F60FF412B2AA90500E92218 /* ShopITTests.swift in Sources */,
			);
			runOnlyForDeploymentPostprocessing = 0;
		};
		5F60FF422B2AA90500E92218 /* Sources */ = {
			isa = PBXSourcesBuildPhase;
			buildActionMask = 2147483647;
			files = (
				5F60FF4B2B2AA90500E92218 /* ShopITUITests.swift in Sources */,
				5F60FF4D2B2AA90500E92218 /* ShopITUITestsLaunchTests.swift in Sources */,
			);
			runOnlyForDeploymentPostprocessing = 0;
		};
/* End PBXSourcesBuildPhase section */

/* Begin PBXTargetDependency section */
		5F60FF3E2B2AA90500E92218 /* PBXTargetDependency */ = {
			isa = PBXTargetDependency;
			target = 5F60FF252B2AA90400E92218 /* ShopIT */;
			targetProxy = 5F60FF3D2B2AA90500E92218 /* PBXContainerItemProxy */;
		};
		5F60FF482B2AA90500E92218 /* PBXTargetDependency */ = {
			isa = PBXTargetDependency;
			target = 5F60FF252B2AA90400E92218 /* ShopIT */;
			targetProxy = 5F60FF472B2AA90500E92218 /* PBXContainerItemProxy */;
		};
/* End PBXTargetDependency section */

/* Begin PBXVariantGroup section */
		5F60FF342B2AA90500E92218 /* LaunchScreen.storyboard */ = {
			isa = PBXVariantGroup;
			children = (
				5F60FF352B2AA90500E92218 /* Base */,
			);
			name = LaunchScreen.storyboard;
			sourceTree = "<group>";
		};
/* End PBXVariantGroup section */

/* Begin XCBuildConfiguration section */
		5F60FF4E2B2AA90500E92218 /* Debug */ = {
			isa = XCBuildConfiguration;
			buildSettings = {
				ALWAYS_SEARCH_USER_PATHS = NO;
				ASSETCATALOG_COMPILER_GENERATE_SWIFT_ASSET_SYMBOL_EXTENSIONS = YES;
				CLANG_ANALYZER_NONNULL = YES;
				CLANG_ANALYZER_NUMBER_OBJECT_CONVERSION = YES_AGGRESSIVE;
				CLANG_CXX_LANGUAGE_STANDARD = "gnu++20";
				CLANG_ENABLE_MODULES = YES;
				CLANG_ENABLE_OBJC_ARC = YES;
				CLANG_ENABLE_OBJC_WEAK = YES;
				CLANG_WARN_BLOCK_CAPTURE_AUTORELEASING = YES;
				CLANG_WARN_BOOL_CONVERSION = YES;
				CLANG_WARN_COMMA = YES;
				CLANG_WARN_CONSTANT_CONVERSION = YES;
				CLANG_WARN_DEPRECATED_OBJC_IMPLEMENTATIONS = YES;
				CLANG_WARN_DIRECT_OBJC_ISA_USAGE = YES_ERROR;
				CLANG_WARN_DOCUMENTATION_COMMENTS = YES;
				CLANG_WARN_EMPTY_BODY = YES;
				CLANG_WARN_ENUM_CONVERSION = YES;
				CLANG_WARN_INFINITE_RECURSION = YES;
				CLANG_WARN_INT_CONVERSION = YES;
				CLANG_WARN_NON_LITERAL_NULL_CONVERSION = YES;
				CLANG_WARN_OBJC_IMPLICIT_RETAIN_SELF = YES;
				CLANG_WARN_OBJC_LITERAL_CONVERSION = YES;
				CLANG_WARN_OBJC_ROOT_CLASS = YES_ERROR;
				CLANG_WARN_QUOTED_INCLUDE_IN_FRAMEWORK_HEADER = YES;
				CLANG_WARN_RANGE_LOOP_ANALYSIS = YES;
				CLANG_WARN_STRICT_PROTOTYPES = YES;
				CLANG_WARN_SUSPICIOUS_MOVE = YES;
				CLANG_WARN_UNGUARDED_AVAILABILITY = YES_AGGRESSIVE;
				CLANG_WARN_UNREACHABLE_CODE = YES;
				CLANG_WARN__DUPLICATE_METHOD_MATCH = YES;
				COPY_PHASE_STRIP = NO;
				DEBUG_INFORMATION_FORMAT = dwarf;
				ENABLE_STRICT_OBJC_MSGSEND = YES;
				ENABLE_TESTABILITY = YES;
				ENABLE_USER_SCRIPT_SANDBOXING = YES;
				GCC_C_LANGUAGE_STANDARD = gnu17;
				GCC_DYNAMIC_NO_PIC = NO;
				GCC_NO_COMMON_BLOCKS = YES;
				GCC_OPTIMIZATION_LEVEL = 0;
				GCC_PREPROCESSOR_DEFINITIONS = (
					"DEBUG=1",
					"$(inherited)",
				);
				GCC_WARN_64_TO_32_BIT_CONVERSION = YES;
				GCC_WARN_ABOUT_RETURN_TYPE = YES_ERROR;
				GCC_WARN_UNDECLARED_SELECTOR = YES;
				GCC_WARN_UNINITIALIZED_AUTOS = YES_AGGRESSIVE;
				GCC_WARN_UNUSED_FUNCTION = YES;
				GCC_WARN_UNUSED_VARIABLE = YES;
				IPHONEOS_DEPLOYMENT_TARGET = 17.0;
				LOCALIZATION_PREFERS_STRING_CATALOGS = YES;
				MTL_ENABLE_DEBUG_INFO = INCLUDE_SOURCE;
				MTL_FAST_MATH = YES;
				ONLY_ACTIVE_ARCH = YES;
				SDKROOT = iphoneos;
				SWIFT_ACTIVE_COMPILATION_CONDITIONS = "DEBUG $(inherited)";
				SWIFT_OPTIMIZATION_LEVEL = "-Onone";
			};
			name = Debug;
		};
		5F60FF4F2B2AA90500E92218 /* Release */ = {
			isa = XCBuildConfiguration;
			buildSettings = {
				ALWAYS_SEARCH_USER_PATHS = NO;
				ASSETCATALOG_COMPILER_GENERATE_SWIFT_ASSET_SYMBOL_EXTENSIONS = YES;
				CLANG_ANALYZER_NONNULL = YES;
				CLANG_ANALYZER_NUMBER_OBJECT_CONVERSION = YES_AGGRESSIVE;
				CLANG_CXX_LANGUAGE_STANDARD = "gnu++20";
				CLANG_ENABLE_MODULES = YES;
				CLANG_ENABLE_OBJC_ARC = YES;
				CLANG_ENABLE_OBJC_WEAK = YES;
				CLANG_WARN_BLOCK_CAPTURE_AUTORELEASING = YES;
				CLANG_WARN_BOOL_CONVERSION = YES;
				CLANG_WARN_COMMA = YES;
				CLANG_WARN_CONSTANT_CONVERSION = YES;
				CLANG_WARN_DEPRECATED_OBJC_IMPLEMENTATIONS = YES;
				CLANG_WARN_DIRECT_OBJC_ISA_USAGE = YES_ERROR;
				CLANG_WARN_DOCUMENTATION_COMMENTS = YES;
				CLANG_WARN_EMPTY_BODY = YES;
				CLANG_WARN_ENUM_CONVERSION = YES;
				CLANG_WARN_INFINITE_RECURSION = YES;
				CLANG_WARN_INT_CONVERSION = YES;
				CLANG_WARN_NON_LITERAL_NULL_CONVERSION = YES;
				CLANG_WARN_OBJC_IMPLICIT_RETAIN_SELF = YES;
				CLANG_WARN_OBJC_LITERAL_CONVERSION = YES;
				CLANG_WARN_OBJC_ROOT_CLASS = YES_ERROR;
				CLANG_WARN_QUOTED_INCLUDE_IN_FRAMEWORK_HEADER = YES;
				CLANG_WARN_RANGE_LOOP_ANALYSIS = YES;
				CLANG_WARN_STRICT_PROTOTYPES = YES;
				CLANG_WARN_SUSPICIOUS_MOVE = YES;
				CLANG_WARN_UNGUARDED_AVAILABILITY = YES_AGGRESSIVE;
				CLANG_WARN_UNREACHABLE_CODE = YES;
				CLANG_WARN__DUPLICATE_METHOD_MATCH = YES;
				COPY_PHASE_STRIP = NO;
				DEBUG_INFORMATION_FORMAT = "dwarf-with-dsym";
				ENABLE_NS_ASSERTIONS = NO;
				ENABLE_STRICT_OBJC_MSGSEND = YES;
				ENABLE_USER_SCRIPT_SANDBOXING = YES;
				GCC_C_LANGUAGE_STANDARD = gnu17;
				GCC_NO_COMMON_BLOCKS = YES;
				GCC_WARN_64_TO_32_BIT_CONVERSION = YES;
				GCC_WARN_ABOUT_RETURN_TYPE = YES_ERROR;
				GCC_WARN_UNDECLARED_SELECTOR = YES;
				GCC_WARN_UNINITIALIZED_AUTOS = YES_AGGRESSIVE;
				GCC_WARN_UNUSED_FUNCTION = YES;
				GCC_WARN_UNUSED_VARIABLE = YES;
				IPHONEOS_DEPLOYMENT_TARGET = 17.0;
				LOCALIZATION_PREFERS_STRING_CATALOGS = YES;
				MTL_ENABLE_DEBUG_INFO = NO;
				MTL_FAST_MATH = YES;
				SDKROOT = iphoneos;
				SWIFT_COMPILATION_MODE = wholemodule;
				VALIDATE_PRODUCT = YES;
			};
			name = Release;
		};
		5F60FF512B2AA90500E92218 /* Debug */ = {
			isa = XCBuildConfiguration;
			buildSettings = {
				ASSETCATALOG_COMPILER_APPICON_NAME = AppIcon;
				ASSETCATALOG_COMPILER_GLOBAL_ACCENT_COLOR_NAME = AccentColor;
				CODE_SIGN_STYLE = Automatic;
				CURRENT_PROJECT_VERSION = 1;
				DEVELOPMENT_TEAM = UKXQYP47Y9;
				GENERATE_INFOPLIST_FILE = YES;
				INFOPLIST_FILE = ShopIT/Info.plist;
				INFOPLIST_KEY_UIApplicationSupportsIndirectInputEvents = YES;
				INFOPLIST_KEY_UILaunchStoryboardName = LaunchScreen;
				INFOPLIST_KEY_UISupportedInterfaceOrientations = UIInterfaceOrientationPortrait;
				INFOPLIST_KEY_UISupportedInterfaceOrientations_iPad = "UIInterfaceOrientationPortrait UIInterfaceOrientationPortraitUpsideDown";
				LD_RUNPATH_SEARCH_PATHS = (
					"$(inherited)",
					"@executable_path/Frameworks",
				);
				MARKETING_VERSION = 1.0;
				PRODUCT_BUNDLE_IDENTIFIER = com.tahaturan.testone.ShopIT;
				PRODUCT_NAME = "$(TARGET_NAME)";
				SWIFT_EMIT_LOC_STRINGS = YES;
				SWIFT_VERSION = 5.0;
				TARGETED_DEVICE_FAMILY = "1,2";
			};
			name = Debug;
		};
		5F60FF522B2AA90500E92218 /* Release */ = {
			isa = XCBuildConfiguration;
			buildSettings = {
				ASSETCATALOG_COMPILER_APPICON_NAME = AppIcon;
				ASSETCATALOG_COMPILER_GLOBAL_ACCENT_COLOR_NAME = AccentColor;
				CODE_SIGN_STYLE = Automatic;
				CURRENT_PROJECT_VERSION = 1;
				DEVELOPMENT_TEAM = UKXQYP47Y9;
				GENERATE_INFOPLIST_FILE = YES;
				INFOPLIST_FILE = ShopIT/Info.plist;
				INFOPLIST_KEY_UIApplicationSupportsIndirectInputEvents = YES;
				INFOPLIST_KEY_UILaunchStoryboardName = LaunchScreen;
				INFOPLIST_KEY_UISupportedInterfaceOrientations = UIInterfaceOrientationPortrait;
				INFOPLIST_KEY_UISupportedInterfaceOrientations_iPad = "UIInterfaceOrientationPortrait UIInterfaceOrientationPortraitUpsideDown";
				LD_RUNPATH_SEARCH_PATHS = (
					"$(inherited)",
					"@executable_path/Frameworks",
				);
				MARKETING_VERSION = 1.0;
				PRODUCT_BUNDLE_IDENTIFIER = com.tahaturan.testone.ShopIT;
				PRODUCT_NAME = "$(TARGET_NAME)";
				SWIFT_EMIT_LOC_STRINGS = YES;
				SWIFT_VERSION = 5.0;
				TARGETED_DEVICE_FAMILY = "1,2";
			};
			name = Release;
		};
		5F60FF542B2AA90500E92218 /* Debug */ = {
			isa = XCBuildConfiguration;
			buildSettings = {
				ALWAYS_EMBED_SWIFT_STANDARD_LIBRARIES = YES;
				BUNDLE_LOADER = "$(TEST_HOST)";
				CODE_SIGN_STYLE = Automatic;
				CURRENT_PROJECT_VERSION = 1;
				DEVELOPMENT_TEAM = UKXQYP47Y9;
				GENERATE_INFOPLIST_FILE = YES;
				IPHONEOS_DEPLOYMENT_TARGET = 17.0;
				MARKETING_VERSION = 1.0;
				PRODUCT_BUNDLE_IDENTIFIER = com.tahaturan.testone.ShopITTests;
				PRODUCT_NAME = "$(TARGET_NAME)";
				SWIFT_EMIT_LOC_STRINGS = NO;
				SWIFT_VERSION = 5.0;
				TARGETED_DEVICE_FAMILY = "1,2";
				TEST_HOST = "$(BUILT_PRODUCTS_DIR)/ShopIT.app/$(BUNDLE_EXECUTABLE_FOLDER_PATH)/ShopIT";
			};
			name = Debug;
		};
		5F60FF552B2AA90500E92218 /* Release */ = {
			isa = XCBuildConfiguration;
			buildSettings = {
				ALWAYS_EMBED_SWIFT_STANDARD_LIBRARIES = YES;
				BUNDLE_LOADER = "$(TEST_HOST)";
				CODE_SIGN_STYLE = Automatic;
				CURRENT_PROJECT_VERSION = 1;
				DEVELOPMENT_TEAM = UKXQYP47Y9;
				GENERATE_INFOPLIST_FILE = YES;
				IPHONEOS_DEPLOYMENT_TARGET = 17.0;
				MARKETING_VERSION = 1.0;
				PRODUCT_BUNDLE_IDENTIFIER = com.tahaturan.testone.ShopITTests;
				PRODUCT_NAME = "$(TARGET_NAME)";
				SWIFT_EMIT_LOC_STRINGS = NO;
				SWIFT_VERSION = 5.0;
				TARGETED_DEVICE_FAMILY = "1,2";
				TEST_HOST = "$(BUILT_PRODUCTS_DIR)/ShopIT.app/$(BUNDLE_EXECUTABLE_FOLDER_PATH)/ShopIT";
			};
			name = Release;
		};
		5F60FF572B2AA90500E92218 /* Debug */ = {
			isa = XCBuildConfiguration;
			buildSettings = {
				ALWAYS_EMBED_SWIFT_STANDARD_LIBRARIES = YES;
				CODE_SIGN_STYLE = Automatic;
				CURRENT_PROJECT_VERSION = 1;
				DEVELOPMENT_TEAM = UKXQYP47Y9;
				GENERATE_INFOPLIST_FILE = YES;
				MARKETING_VERSION = 1.0;
				PRODUCT_BUNDLE_IDENTIFIER = com.tahaturan.testone.ShopITUITests;
				PRODUCT_NAME = "$(TARGET_NAME)";
				SWIFT_EMIT_LOC_STRINGS = NO;
				SWIFT_VERSION = 5.0;
				TARGETED_DEVICE_FAMILY = "1,2";
				TEST_TARGET_NAME = ShopIT;
			};
			name = Debug;
		};
		5F60FF582B2AA90500E92218 /* Release */ = {
			isa = XCBuildConfiguration;
			buildSettings = {
				ALWAYS_EMBED_SWIFT_STANDARD_LIBRARIES = YES;
				CODE_SIGN_STYLE = Automatic;
				CURRENT_PROJECT_VERSION = 1;
				DEVELOPMENT_TEAM = UKXQYP47Y9;
				GENERATE_INFOPLIST_FILE = YES;
				MARKETING_VERSION = 1.0;
				PRODUCT_BUNDLE_IDENTIFIER = com.tahaturan.testone.ShopITUITests;
				PRODUCT_NAME = "$(TARGET_NAME)";
				SWIFT_EMIT_LOC_STRINGS = NO;
				SWIFT_VERSION = 5.0;
				TARGETED_DEVICE_FAMILY = "1,2";
				TEST_TARGET_NAME = ShopIT;
			};
			name = Release;
		};
/* End XCBuildConfiguration section */

/* Begin XCConfigurationList section */
		5F60FF212B2AA90400E92218 /* Build configuration list for PBXProject "ShopIT" */ = {
			isa = XCConfigurationList;
			buildConfigurations = (
				5F60FF4E2B2AA90500E92218 /* Debug */,
				5F60FF4F2B2AA90500E92218 /* Release */,
			);
			defaultConfigurationIsVisible = 0;
			defaultConfigurationName = Release;
		};
		5F60FF502B2AA90500E92218 /* Build configuration list for PBXNativeTarget "ShopIT" */ = {
			isa = XCConfigurationList;
			buildConfigurations = (
				5F60FF512B2AA90500E92218 /* Debug */,
				5F60FF522B2AA90500E92218 /* Release */,
			);
			defaultConfigurationIsVisible = 0;
			defaultConfigurationName = Release;
		};
		5F60FF532B2AA90500E92218 /* Build configuration list for PBXNativeTarget "ShopITTests" */ = {
			isa = XCConfigurationList;
			buildConfigurations = (
				5F60FF542B2AA90500E92218 /* Debug */,
				5F60FF552B2AA90500E92218 /* Release */,
			);
			defaultConfigurationIsVisible = 0;
			defaultConfigurationName = Release;
		};
		5F60FF562B2AA90500E92218 /* Build configuration list for PBXNativeTarget "ShopITUITests" */ = {
			isa = XCConfigurationList;
			buildConfigurations = (
				5F60FF572B2AA90500E92218 /* Debug */,
				5F60FF582B2AA90500E92218 /* Release */,
			);
			defaultConfigurationIsVisible = 0;
			defaultConfigurationName = Release;
		};
/* End XCConfigurationList section */

/* Begin XCRemoteSwiftPackageReference section */
		5F54B75C2B380B3E004640F8 /* XCRemoteSwiftPackageReference "realm-swift" */ = {
			isa = XCRemoteSwiftPackageReference;
			repositoryURL = "https://github.com/realm/realm-swift.git";
			requirement = {
				branch = master;
				kind = branch;
			};
		};
		5F60FF622B2AAC8800E92218 /* XCRemoteSwiftPackageReference "SnapKit" */ = {
			isa = XCRemoteSwiftPackageReference;
			repositoryURL = "https://github.com/SnapKit/SnapKit";
			requirement = {
				kind = upToNextMajorVersion;
				minimumVersion = 5.6.0;
			};
		};
		5FE2FCAC2B2EB2C5004BB731 /* XCRemoteSwiftPackageReference "IQKeyboardManager" */ = {
			isa = XCRemoteSwiftPackageReference;
			repositoryURL = "https://github.com/hackiftekhar/IQKeyboardManager";
			requirement = {
				kind = upToNextMajorVersion;
				minimumVersion = 6.5.16;
			};
		};
		5FE2FCC32B310D05004BB731 /* XCRemoteSwiftPackageReference "Alamofire" */ = {
			isa = XCRemoteSwiftPackageReference;
			repositoryURL = "https://github.com/Alamofire/Alamofire.git";
			requirement = {
				kind = upToNextMajorVersion;
				minimumVersion = 5.8.1;
			};
		};
		5FE2FCD82B318E3B004BB731 /* XCRemoteSwiftPackageReference "SDWebImage" */ = {
			isa = XCRemoteSwiftPackageReference;
			repositoryURL = "https://github.com/SDWebImage/SDWebImage";
			requirement = {
				kind = upToNextMajorVersion;
				minimumVersion = 5.18.7;
			};
		};
/* End XCRemoteSwiftPackageReference section */

/* Begin XCSwiftPackageProductDependency section */
		5F54B75D2B380B3E004640F8 /* Realm */ = {
			isa = XCSwiftPackageProductDependency;
			package = 5F54B75C2B380B3E004640F8 /* XCRemoteSwiftPackageReference "realm-swift" */;
			productName = Realm;
		};
		5F54B75F2B380B3E004640F8 /* RealmSwift */ = {
			isa = XCSwiftPackageProductDependency;
			package = 5F54B75C2B380B3E004640F8 /* XCRemoteSwiftPackageReference "realm-swift" */;
			productName = RealmSwift;
		};
		5F60FF632B2AAC8800E92218 /* SnapKit */ = {
			isa = XCSwiftPackageProductDependency;
			package = 5F60FF622B2AAC8800E92218 /* XCRemoteSwiftPackageReference "SnapKit" */;
			productName = SnapKit;
		};
		5FE2FCAD2B2EB2C5004BB731 /* IQKeyboardManagerSwift */ = {
			isa = XCSwiftPackageProductDependency;
			package = 5FE2FCAC2B2EB2C5004BB731 /* XCRemoteSwiftPackageReference "IQKeyboardManager" */;
			productName = IQKeyboardManagerSwift;
		};
		5FE2FCC42B310D05004BB731 /* Alamofire */ = {
			isa = XCSwiftPackageProductDependency;
			package = 5FE2FCC32B310D05004BB731 /* XCRemoteSwiftPackageReference "Alamofire" */;
			productName = Alamofire;
		};
		5FE2FCD92B318E3B004BB731 /* SDWebImage */ = {
			isa = XCSwiftPackageProductDependency;
			package = 5FE2FCD82B318E3B004BB731 /* XCRemoteSwiftPackageReference "SDWebImage" */;
			productName = SDWebImage;
		};
/* End XCSwiftPackageProductDependency section */
	};
	rootObject = 5F60FF1E2B2AA90400E92218 /* Project object */;
}
