// !$*UTF8*$!
{
	archiveVersion = 1;
	classes = {
	};
	objectVersion = 56;
	objects = {

/* Begin PBXBuildFile section */
		5F60FF2A2B2AA90400E92218 /* AppDelegate.swift in Sources */ = {isa = PBXBuildFile; fileRef = 5F60FF292B2AA90400E92218 /* AppDelegate.swift */; };
		5F60FF2C2B2AA90400E92218 /* SceneDelegate.swift in Sources */ = {isa = PBXBuildFile; fileRef = 5F60FF2B2B2AA90400E92218 /* SceneDelegate.swift */; };
		5F60FF332B2AA90500E92218 /* Assets.xcassets in Resources */ = {isa = PBXBuildFile; fileRef = 5F60FF322B2AA90500E92218 /* Assets.xcassets */; };
		5F60FF362B2AA90500E92218 /* LaunchScreen.storyboard in Resources */ = {isa = PBXBuildFile; fileRef = 5F60FF342B2AA90500E92218 /* LaunchScreen.storyboard */; };
		5F60FF412B2AA90500E92218 /* ShopITTests.swift in Sources */ = {isa = PBXBuildFile; fileRef = 5F60FF402B2AA90500E92218 /* ShopITTests.swift */; };
		5F60FF4B2B2AA90500E92218 /* ShopITUITests.swift in Sources */ = {isa = PBXBuildFile; fileRef = 5F60FF4A2B2AA90500E92218 /* ShopITUITests.swift */; };
		5F60FF4D2B2AA90500E92218 /* ShopITUITestsLaunchTests.swift in Sources */ = {isa = PBXBuildFile; fileRef = 5F60FF4C2B2AA90500E92218 /* ShopITUITestsLaunchTests.swift */; };
		5F60FF612B2AABD600E92218 /* OnboardViewController.swift in Sources */ = {isa = PBXBuildFile; fileRef = 5F60FF602B2AABD600E92218 /* OnboardViewController.swift */; };
		5F60FF642B2AAC8800E92218 /* SnapKit in Frameworks */ = {isa = PBXBuildFile; productRef = 5F60FF632B2AAC8800E92218 /* SnapKit */; };
/* End PBXBuildFile section */

/* Begin PBXContainerItemProxy section */
		5F60FF3D2B2AA90500E92218 /* PBXContainerItemProxy */ = {
			isa = PBXContainerItemProxy;
			containerPortal = 5F60FF1E2B2AA90400E92218 /* Project object */;
			proxyType = 1;
			remoteGlobalIDString = 5F60FF252B2AA90400E92218;
			remoteInfo = ShopIT;
		};
		5F60FF472B2AA90500E92218 /* PBXContainerItemProxy */ = {
			isa = PBXContainerItemProxy;
			containerPortal = 5F60FF1E2B2AA90400E92218 /* Project object */;
			proxyType = 1;
			remoteGlobalIDString = 5F60FF252B2AA90400E92218;
			remoteInfo = ShopIT;
		};
/* End PBXContainerItemProxy section */

/* Begin PBXFileReference section */
		5F60FF262B2AA90400E92218 /* ShopIT.app */ = {isa = PBXFileReference; explicitFileType = wrapper.application; includeInIndex = 0; path = ShopIT.app; sourceTree = BUILT_PRODUCTS_DIR; };
		5F60FF292B2AA90400E92218 /* AppDelegate.swift */ = {isa = PBXFileReference; lastKnownFileType = sourcecode.swift; path = AppDelegate.swift; sourceTree = "<group>"; };
		5F60FF2B2B2AA90400E92218 /* SceneDelegate.swift */ = {isa = PBXFileReference; lastKnownFileType = sourcecode.swift; path = SceneDelegate.swift; sourceTree = "<group>"; };
		5F60FF322B2AA90500E92218 /* Assets.xcassets */ = {isa = PBXFileReference; lastKnownFileType = folder.assetcatalog; path = Assets.xcassets; sourceTree = "<group>"; };
		5F60FF352B2AA90500E92218 /* Base */ = {isa = PBXFileReference; lastKnownFileType = file.storyboard; name = Base; path = Base.lproj/LaunchScreen.storyboard; sourceTree = "<group>"; };
		5F60FF372B2AA90500E92218 /* Info.plist */ = {isa = PBXFileReference; lastKnownFileType = text.plist.xml; path = Info.plist; sourceTree = "<group>"; };
		5F60FF3C2B2AA90500E92218 /* ShopITTests.xctest */ = {isa = PBXFileReference; explicitFileType = wrapper.cfbundle; includeInIndex = 0; path = ShopITTests.xctest; sourceTree = BUILT_PRODUCTS_DIR; };
		5F60FF402B2AA90500E92218 /* ShopITTests.swift */ = {isa = PBXFileReference; lastKnownFileType = sourcecode.swift; path = ShopITTests.swift; sourceTree = "<group>"; };
		5F60FF462B2AA90500E92218 /* ShopITUITests.xctest */ = {isa = PBXFileReference; explicitFileType = wrapper.cfbundle; includeInIndex = 0; path = ShopITUITests.xctest; sourceTree = BUILT_PRODUCTS_DIR; };
		5F60FF4A2B2AA90500E92218 /* ShopITUITests.swift */ = {isa = PBXFileReference; lastKnownFileType = sourcecode.swift; path = ShopITUITests.swift; sourceTree = "<group>"; };
		5F60FF4C2B2AA90500E92218 /* ShopITUITestsLaunchTests.swift */ = {isa = PBXFileReference; lastKnownFileType = sourcecode.swift; path = ShopITUITestsLaunchTests.swift; sourceTree = "<group>"; };
		5F60FF602B2AABD600E92218 /* OnboardViewController.swift */ = {isa = PBXFileReference; lastKnownFileType = sourcecode.swift; path = OnboardViewController.swift; sourceTree = "<group>"; };
/* End PBXFileReference section */

/* Begin PBXFrameworksBuildPhase section */
		5F60FF232B2AA90400E92218 /* Frameworks */ = {
			isa = PBXFrameworksBuildPhase;
			buildActionMask = 2147483647;
			files = (
				5F60FF642B2AAC8800E92218 /* SnapKit in Frameworks */,
			);
			runOnlyForDeploymentPostprocessing = 0;
		};
		5F60FF392B2AA90500E92218 /* Frameworks */ = {
			isa = PBXFrameworksBuildPhase;
			buildActionMask = 2147483647;
			files = (
			);
			runOnlyForDeploymentPostprocessing = 0;
		};
		5F60FF432B2AA90500E92218 /* Frameworks */ = {
			isa = PBXFrameworksBuildPhase;
			buildActionMask = 2147483647;
			files = (
			);
			runOnlyForDeploymentPostprocessing = 0;
		};
/* End PBXFrameworksBuildPhase section */

/* Begin PBXGroup section */
		5F60FF1D2B2AA90400E92218 = {
			isa = PBXGroup;
			children = (
				5F60FF282B2AA90400E92218 /* ShopIT */,
				5F60FF3F2B2AA90500E92218 /* ShopITTests */,
				5F60FF492B2AA90500E92218 /* ShopITUITests */,
				5F60FF272B2AA90400E92218 /* Products */,
			);
			sourceTree = "<group>";
		};
		5F60FF272B2AA90400E92218 /* Products */ = {
			isa = PBXGroup;
			children = (
				5F60FF262B2AA90400E92218 /* ShopIT.app */,
				5F60FF3C2B2AA90500E92218 /* ShopITTests.xctest */,
				5F60FF462B2AA90500E92218 /* ShopITUITests.xctest */,
			);
			name = Products;
			sourceTree = "<group>";
		};
		5F60FF282B2AA90400E92218 /* ShopIT */ = {
			isa = PBXGroup;
			children = (
				5F60FF5F2B2AAAEB00E92218 /* Models */,
				5F60FF5E2B2AAAE600E92218 /* Views */,
				5F60FF5D2B2AAAD800E92218 /* Controllers */,
				5F60FF5C2B2AAAC800E92218 /* Networking */,
				5F60FF5B2B2AAABB00E92218 /* Utilities */,
				5F60FF5A2B2AAAA700E92218 /* Resources */,
				5F60FF592B2AAA7900E92218 /* SupportingFiles */,
				5F60FF292B2AA90400E92218 /* AppDelegate.swift */,
				5F60FF2B2B2AA90400E92218 /* SceneDelegate.swift */,
				5F60FF372B2AA90500E92218 /* Info.plist */,
			);
			path = ShopIT;
			sourceTree = "<group>";
		};
		5F60FF3F2B2AA90500E92218 /* ShopITTests */ = {
			isa = PBXGroup;
			children = (
				5F60FF402B2AA90500E92218 /* ShopITTests.swift */,
			);
			path = ShopITTests;
			sourceTree = "<group>";
		};
		5F60FF492B2AA90500E92218 /* ShopITUITests */ = {
			isa = PBXGroup;
			children = (
				5F60FF4A2B2AA90500E92218 /* ShopITUITests.swift */,
				5F60FF4C2B2AA90500E92218 /* ShopITUITestsLaunchTests.swift */,
			);
			path = ShopITUITests;
			sourceTree = "<group>";
		};
		5F60FF592B2AAA7900E92218 /* SupportingFiles */ = {
			isa = PBXGroup;
			children = (
				5F60FF342B2AA90500E92218 /* LaunchScreen.storyboard */,
			);
			path = SupportingFiles;
			sourceTree = "<group>";
		};
		5F60FF5A2B2AAAA700E92218 /* Resources */ = {
			isa = PBXGroup;
			children = (
				5F60FF322B2AA90500E92218 /* Assets.xcassets */,
			);
			path = Resources;
			sourceTree = "<group>";
		};
		5F60FF5B2B2AAABB00E92218 /* Utilities */ = {
			isa = PBXGroup;
			children = (
			);
			path = Utilities;
			sourceTree = "<group>";
		};
		5F60FF5C2B2AAAC800E92218 /* Networking */ = {
			isa = PBXGroup;
			children = (
			);
			path = Networking;
			sourceTree = "<group>";
		};
		5F60FF5D2B2AAAD800E92218 /* Controllers */ = {
			isa = PBXGroup;
			children = (
				5F60FF602B2AABD600E92218 /* OnboardViewController.swift */,
			);
			path = Controllers;
			sourceTree = "<group>";
		};
		5F60FF5E2B2AAAE600E92218 /* Views */ = {
			isa = PBXGroup;
			children = (
			);
			path = Views;
			sourceTree = "<group>";
		};
		5F60FF5F2B2AAAEB00E92218 /* Models */ = {
			isa = PBXGroup;
			children = (
			);
			path = Models;
			sourceTree = "<group>";
		};
/* End PBXGroup section */

/* Begin PBXNativeTarget section */
		5F60FF252B2AA90400E92218 /* ShopIT */ = {
			isa = PBXNativeTarget;
			buildConfigurationList = 5F60FF502B2AA90500E92218 /* Build configuration list for PBXNativeTarget "ShopIT" */;
			buildPhases = (
				5F60FF222B2AA90400E92218 /* Sources */,
				5F60FF232B2AA90400E92218 /* Frameworks */,
				5F60FF242B2AA90400E92218 /* Resources */,
			);
			buildRules = (
			);
			dependencies = (
			);
			name = ShopIT;
			packageProductDependencies = (
				5F60FF632B2AAC8800E92218 /* SnapKit */,
			);
			productName = ShopIT;
			productReference = 5F60FF262B2AA90400E92218 /* ShopIT.app */;
			productType = "com.apple.product-type.application";
		};
		5F60FF3B2B2AA90500E92218 /* ShopITTests */ = {
			isa = PBXNativeTarget;
			buildConfigurationList = 5F60FF532B2AA90500E92218 /* Build configuration list for PBXNativeTarget "ShopITTests" */;
			buildPhases = (
				5F60FF382B2AA90500E92218 /* Sources */,
				5F60FF392B2AA90500E92218 /* Frameworks */,
				5F60FF3A2B2AA90500E92218 /* Resources */,
			);
			buildRules = (
			);
			dependencies = (
				5F60FF3E2B2AA90500E92218 /* PBXTargetDependency */,
			);
			name = ShopITTests;
			productName = ShopITTests;
			productReference = 5F60FF3C2B2AA90500E92218 /* ShopITTests.xctest */;
			productType = "com.apple.product-type.bundle.unit-test";
		};
		5F60FF452B2AA90500E92218 /* ShopITUITests */ = {
			isa = PBXNativeTarget;
			buildConfigurationList = 5F60FF562B2AA90500E92218 /* Build configuration list for PBXNativeTarget "ShopITUITests" */;
			buildPhases = (
				5F60FF422B2AA90500E92218 /* Sources */,
				5F60FF432B2AA90500E92218 /* Frameworks */,
				5F60FF442B2AA90500E92218 /* Resources */,
			);
			buildRules = (
			);
			dependencies = (
				5F60FF482B2AA90500E92218 /* PBXTargetDependency */,
			);
			name = ShopITUITests;
			productName = ShopITUITests;
			productReference = 5F60FF462B2AA90500E92218 /* ShopITUITests.xctest */;
			productType = "com.apple.product-type.bundle.ui-testing";
		};
/* End PBXNativeTarget section */

/* Begin PBXProject section */
		5F60FF1E2B2AA90400E92218 /* Project object */ = {
			isa = PBXProject;
			attributes = {
				BuildIndependentTargetsInParallel = 1;
				LastSwiftUpdateCheck = 1500;
				LastUpgradeCheck = 1500;
				TargetAttributes = {
					5F60FF252B2AA90400E92218 = {
						CreatedOnToolsVersion = 15.0.1;
					};
					5F60FF3B2B2AA90500E92218 = {
						CreatedOnToolsVersion = 15.0.1;
						TestTargetID = 5F60FF252B2AA90400E92218;
					};
					5F60FF452B2AA90500E92218 = {
						CreatedOnToolsVersion = 15.0.1;
						TestTargetID = 5F60FF252B2AA90400E92218;
					};
				};
			};
			buildConfigurationList = 5F60FF212B2AA90400E92218 /* Build configuration list for PBXProject "ShopIT" */;
			compatibilityVersion = "Xcode 14.0";
			developmentRegion = en;
			hasScannedForEncodings = 0;
			knownRegions = (
				en,
				Base,
			);
			mainGroup = 5F60FF1D2B2AA90400E92218;
			packageReferences = (
				5F60FF622B2AAC8800E92218 /* XCRemoteSwiftPackageReference "SnapKit" */,
			);
			productRefGroup = 5F60FF272B2AA90400E92218 /* Products */;
			projectDirPath = "";
			projectRoot = "";
			targets = (
				5F60FF252B2AA90400E92218 /* ShopIT */,
				5F60FF3B2B2AA90500E92218 /* ShopITTests */,
				5F60FF452B2AA90500E92218 /* ShopITUITests */,
			);
		};
/* End PBXProject section */

/* Begin PBXResourcesBuildPhase section */
		5F60FF242B2AA90400E92218 /* Resources */ = {
			isa = PBXResourcesBuildPhase;
			buildActionMask = 2147483647;
			files = (
				5F60FF362B2AA90500E92218 /* LaunchScreen.storyboard in Resources */,
				5F60FF332B2AA90500E92218 /* Assets.xcassets in Resources */,
			);
			runOnlyForDeploymentPostprocessing = 0;
		};
		5F60FF3A2B2AA90500E92218 /* Resources */ = {
			isa = PBXResourcesBuildPhase;
			buildActionMask = 2147483647;
			files = (
			);
			runOnlyForDeploymentPostprocessing = 0;
		};
		5F60FF442B2AA90500E92218 /* Resources */ = {
			isa = PBXResourcesBuildPhase;
			buildActionMask = 2147483647;
			files = (
			);
			runOnlyForDeploymentPostprocessing = 0;
		};
/* End PBXResourcesBuildPhase section */

/* Begin PBXSourcesBuildPhase section */
		5F60FF222B2AA90400E92218 /* Sources */ = {
			isa = PBXSourcesBuildPhase;
			buildActionMask = 2147483647;
			files = (
				5F60FF2A2B2AA90400E92218 /* AppDelegate.swift in Sources */,
				5F60FF2C2B2AA90400E92218 /* SceneDelegate.swift in Sources */,
				5F60FF612B2AABD600E92218 /* OnboardViewController.swift in Sources */,
			);
			runOnlyForDeploymentPostprocessing = 0;
		};
		5F60FF382B2AA90500E92218 /* Sources */ = {
			isa = PBXSourcesBuildPhase;
			buildActionMask = 2147483647;
			files = (
				5F60FF412B2AA90500E92218 /* ShopITTests.swift in Sources */,
			);
			runOnlyForDeploymentPostprocessing = 0;
		};
		5F60FF422B2AA90500E92218 /* Sources */ = {
			isa = PBXSourcesBuildPhase;
			buildActionMask = 2147483647;
			files = (
				5F60FF4B2B2AA90500E92218 /* ShopITUITests.swift in Sources */,
				5F60FF4D2B2AA90500E92218 /* ShopITUITestsLaunchTests.swift in Sources */,
			);
			runOnlyForDeploymentPostprocessing = 0;
		};
/* End PBXSourcesBuildPhase section */

/* Begin PBXTargetDependency section */
		5F60FF3E2B2AA90500E92218 /* PBXTargetDependency */ = {
			isa = PBXTargetDependency;
			target = 5F60FF252B2AA90400E92218 /* ShopIT */;
			targetProxy = 5F60FF3D2B2AA90500E92218 /* PBXContainerItemProxy */;
		};
		5F60FF482B2AA90500E92218 /* PBXTargetDependency */ = {
			isa = PBXTargetDependency;
			target = 5F60FF252B2AA90400E92218 /* ShopIT */;
			targetProxy = 5F60FF472B2AA90500E92218 /* PBXContainerItemProxy */;
		};
/* End PBXTargetDependency section */

/* Begin PBXVariantGroup section */
		5F60FF342B2AA90500E92218 /* LaunchScreen.storyboard */ = {
			isa = PBXVariantGroup;
			children = (
				5F60FF352B2AA90500E92218 /* Base */,
			);
			name = LaunchScreen.storyboard;
			sourceTree = "<group>";
		};
/* End PBXVariantGroup section */

/* Begin XCBuildConfiguration section */
		5F60FF4E2B2AA90500E92218 /* Debug */ = {
			isa = XCBuildConfiguration;
			buildSettings = {
				ALWAYS_SEARCH_USER_PATHS = NO;
				ASSETCATALOG_COMPILER_GENERATE_SWIFT_ASSET_SYMBOL_EXTENSIONS = YES;
				CLANG_ANALYZER_NONNULL = YES;
				CLANG_ANALYZER_NUMBER_OBJECT_CONVERSION = YES_AGGRESSIVE;
				CLANG_CXX_LANGUAGE_STANDARD = "gnu++20";
				CLANG_ENABLE_MODULES = YES;
				CLANG_ENABLE_OBJC_ARC = YES;
				CLANG_ENABLE_OBJC_WEAK = YES;
				CLANG_WARN_BLOCK_CAPTURE_AUTORELEASING = YES;
				CLANG_WARN_BOOL_CONVERSION = YES;
				CLANG_WARN_COMMA = YES;
				CLANG_WARN_CONSTANT_CONVERSION = YES;
				CLANG_WARN_DEPRECATED_OBJC_IMPLEMENTATIONS = YES;
				CLANG_WARN_DIRECT_OBJC_ISA_USAGE = YES_ERROR;
				CLANG_WARN_DOCUMENTATION_COMMENTS = YES;
				CLANG_WARN_EMPTY_BODY = YES;
				CLANG_WARN_ENUM_CONVERSION = YES;
				CLANG_WARN_INFINITE_RECURSION = YES;
				CLANG_WARN_INT_CONVERSION = YES;
				CLANG_WARN_NON_LITERAL_NULL_CONVERSION = YES;
				CLANG_WARN_OBJC_IMPLICIT_RETAIN_SELF = YES;
				CLANG_WARN_OBJC_LITERAL_CONVERSION = YES;
				CLANG_WARN_OBJC_ROOT_CLASS = YES_ERROR;
				CLANG_WARN_QUOTED_INCLUDE_IN_FRAMEWORK_HEADER = YES;
				CLANG_WARN_RANGE_LOOP_ANALYSIS = YES;
				CLANG_WARN_STRICT_PROTOTYPES = YES;
				CLANG_WARN_SUSPICIOUS_MOVE = YES;
				CLANG_WARN_UNGUARDED_AVAILABILITY = YES_AGGRESSIVE;
				CLANG_WARN_UNREACHABLE_CODE = YES;
				CLANG_WARN__DUPLICATE_METHOD_MATCH = YES;
				COPY_PHASE_STRIP = NO;
				DEBUG_INFORMATION_FORMAT = dwarf;
				ENABLE_STRICT_OBJC_MSGSEND = YES;
				ENABLE_TESTABILITY = YES;
				ENABLE_USER_SCRIPT_SANDBOXING = YES;
				GCC_C_LANGUAGE_STANDARD = gnu17;
				GCC_DYNAMIC_NO_PIC = NO;
				GCC_NO_COMMON_BLOCKS = YES;
				GCC_OPTIMIZATION_LEVEL = 0;
				GCC_PREPROCESSOR_DEFINITIONS = (
					"DEBUG=1",
					"$(inherited)",
				);
				GCC_WARN_64_TO_32_BIT_CONVERSION = YES;
				GCC_WARN_ABOUT_RETURN_TYPE = YES_ERROR;
				GCC_WARN_UNDECLARED_SELECTOR = YES;
				GCC_WARN_UNINITIALIZED_AUTOS = YES_AGGRESSIVE;
				GCC_WARN_UNUSED_FUNCTION = YES;
				GCC_WARN_UNUSED_VARIABLE = YES;
				IPHONEOS_DEPLOYMENT_TARGET = 17.0;
				LOCALIZATION_PREFERS_STRING_CATALOGS = YES;
				MTL_ENABLE_DEBUG_INFO = INCLUDE_SOURCE;
				MTL_FAST_MATH = YES;
				ONLY_ACTIVE_ARCH = YES;
				SDKROOT = iphoneos;
				SWIFT_ACTIVE_COMPILATION_CONDITIONS = "DEBUG $(inherited)";
				SWIFT_OPTIMIZATION_LEVEL = "-Onone";
			};
			name = Debug;
		};
		5F60FF4F2B2AA90500E92218 /* Release */ = {
			isa = XCBuildConfiguration;
			buildSettings = {
				ALWAYS_SEARCH_USER_PATHS = NO;
				ASSETCATALOG_COMPILER_GENERATE_SWIFT_ASSET_SYMBOL_EXTENSIONS = YES;
				CLANG_ANALYZER_NONNULL = YES;
				CLANG_ANALYZER_NUMBER_OBJECT_CONVERSION = YES_AGGRESSIVE;
				CLANG_CXX_LANGUAGE_STANDARD = "gnu++20";
				CLANG_ENABLE_MODULES = YES;
				CLANG_ENABLE_OBJC_ARC = YES;
				CLANG_ENABLE_OBJC_WEAK = YES;
				CLANG_WARN_BLOCK_CAPTURE_AUTORELEASING = YES;
				CLANG_WARN_BOOL_CONVERSION = YES;
				CLANG_WARN_COMMA = YES;
				CLANG_WARN_CONSTANT_CONVERSION = YES;
				CLANG_WARN_DEPRECATED_OBJC_IMPLEMENTATIONS = YES;
				CLANG_WARN_DIRECT_OBJC_ISA_USAGE = YES_ERROR;
				CLANG_WARN_DOCUMENTATION_COMMENTS = YES;
				CLANG_WARN_EMPTY_BODY = YES;
				CLANG_WARN_ENUM_CONVERSION = YES;
				CLANG_WARN_INFINITE_RECURSION = YES;
				CLANG_WARN_INT_CONVERSION = YES;
				CLANG_WARN_NON_LITERAL_NULL_CONVERSION = YES;
				CLANG_WARN_OBJC_IMPLICIT_RETAIN_SELF = YES;
				CLANG_WARN_OBJC_LITERAL_CONVERSION = YES;
				CLANG_WARN_OBJC_ROOT_CLASS = YES_ERROR;
				CLANG_WARN_QUOTED_INCLUDE_IN_FRAMEWORK_HEADER = YES;
				CLANG_WARN_RANGE_LOOP_ANALYSIS = YES;
				CLANG_WARN_STRICT_PROTOTYPES = YES;
				CLANG_WARN_SUSPICIOUS_MOVE = YES;
				CLANG_WARN_UNGUARDED_AVAILABILITY = YES_AGGRESSIVE;
				CLANG_WARN_UNREACHABLE_CODE = YES;
				CLANG_WARN__DUPLICATE_METHOD_MATCH = YES;
				COPY_PHASE_STRIP = NO;
				DEBUG_INFORMATION_FORMAT = "dwarf-with-dsym";
				ENABLE_NS_ASSERTIONS = NO;
				ENABLE_STRICT_OBJC_MSGSEND = YES;
				ENABLE_USER_SCRIPT_SANDBOXING = YES;
				GCC_C_LANGUAGE_STANDARD = gnu17;
				GCC_NO_COMMON_BLOCKS = YES;
				GCC_WARN_64_TO_32_BIT_CONVERSION = YES;
				GCC_WARN_ABOUT_RETURN_TYPE = YES_ERROR;
				GCC_WARN_UNDECLARED_SELECTOR = YES;
				GCC_WARN_UNINITIALIZED_AUTOS = YES_AGGRESSIVE;
				GCC_WARN_UNUSED_FUNCTION = YES;
				GCC_WARN_UNUSED_VARIABLE = YES;
				IPHONEOS_DEPLOYMENT_TARGET = 17.0;
				LOCALIZATION_PREFERS_STRING_CATALOGS = YES;
				MTL_ENABLE_DEBUG_INFO = NO;
				MTL_FAST_MATH = YES;
				SDKROOT = iphoneos;
				SWIFT_COMPILATION_MODE = wholemodule;
				VALIDATE_PRODUCT = YES;
			};
			name = Release;
		};
		5F60FF512B2AA90500E92218 /* Debug */ = {
			isa = XCBuildConfiguration;
			buildSettings = {
				ASSETCATALOG_COMPILER_APPICON_NAME = AppIcon;
				ASSETCATALOG_COMPILER_GLOBAL_ACCENT_COLOR_NAME = AccentColor;
				CODE_SIGN_STYLE = Automatic;
				CURRENT_PROJECT_VERSION = 1;
				DEVELOPMENT_TEAM = UKXQYP47Y9;
				GENERATE_INFOPLIST_FILE = YES;
				INFOPLIST_FILE = ShopIT/Info.plist;
				INFOPLIST_KEY_UIApplicationSupportsIndirectInputEvents = YES;
				INFOPLIST_KEY_UILaunchStoryboardName = LaunchScreen;
				INFOPLIST_KEY_UISupportedInterfaceOrientations = UIInterfaceOrientationPortrait;
				INFOPLIST_KEY_UISupportedInterfaceOrientations_iPad = "UIInterfaceOrientationPortrait UIInterfaceOrientationPortraitUpsideDown";
				LD_RUNPATH_SEARCH_PATHS = (
					"$(inherited)",
					"@executable_path/Frameworks",
				);
				MARKETING_VERSION = 1.0;
				PRODUCT_BUNDLE_IDENTIFIER = com.tahaturan.testone.ShopIT;
				PRODUCT_NAME = "$(TARGET_NAME)";
				SWIFT_EMIT_LOC_STRINGS = YES;
				SWIFT_VERSION = 5.0;
				TARGETED_DEVICE_FAMILY = "1,2";
			};
			name = Debug;
		};
		5F60FF522B2AA90500E92218 /* Release */ = {
			isa = XCBuildConfiguration;
			buildSettings = {
				ASSETCATALOG_COMPILER_APPICON_NAME = AppIcon;
				ASSETCATALOG_COMPILER_GLOBAL_ACCENT_COLOR_NAME = AccentColor;
				CODE_SIGN_STYLE = Automatic;
				CURRENT_PROJECT_VERSION = 1;
				DEVELOPMENT_TEAM = UKXQYP47Y9;
				GENERATE_INFOPLIST_FILE = YES;
				INFOPLIST_FILE = ShopIT/Info.plist;
				INFOPLIST_KEY_UIApplicationSupportsIndirectInputEvents = YES;
				INFOPLIST_KEY_UILaunchStoryboardName = LaunchScreen;
				INFOPLIST_KEY_UISupportedInterfaceOrientations = UIInterfaceOrientationPortrait;
				INFOPLIST_KEY_UISupportedInterfaceOrientations_iPad = "UIInterfaceOrientationPortrait UIInterfaceOrientationPortraitUpsideDown";
				LD_RUNPATH_SEARCH_PATHS = (
					"$(inherited)",
					"@executable_path/Frameworks",
				);
				MARKETING_VERSION = 1.0;
				PRODUCT_BUNDLE_IDENTIFIER = com.tahaturan.testone.ShopIT;
				PRODUCT_NAME = "$(TARGET_NAME)";
				SWIFT_EMIT_LOC_STRINGS = YES;
				SWIFT_VERSION = 5.0;
				TARGETED_DEVICE_FAMILY = "1,2";
			};
			name = Release;
		};
		5F60FF542B2AA90500E92218 /* Debug */ = {
			isa = XCBuildConfiguration;
			buildSettings = {
				ALWAYS_EMBED_SWIFT_STANDARD_LIBRARIES = YES;
				BUNDLE_LOADER = "$(TEST_HOST)";
				CODE_SIGN_STYLE = Automatic;
				CURRENT_PROJECT_VERSION = 1;
				DEVELOPMENT_TEAM = UKXQYP47Y9;
				GENERATE_INFOPLIST_FILE = YES;
				IPHONEOS_DEPLOYMENT_TARGET = 17.0;
				MARKETING_VERSION = 1.0;
				PRODUCT_BUNDLE_IDENTIFIER = com.tahaturan.testone.ShopITTests;
				PRODUCT_NAME = "$(TARGET_NAME)";
				SWIFT_EMIT_LOC_STRINGS = NO;
				SWIFT_VERSION = 5.0;
				TARGETED_DEVICE_FAMILY = "1,2";
				TEST_HOST = "$(BUILT_PRODUCTS_DIR)/ShopIT.app/$(BUNDLE_EXECUTABLE_FOLDER_PATH)/ShopIT";
			};
			name = Debug;
		};
		5F60FF552B2AA90500E92218 /* Release */ = {
			isa = XCBuildConfiguration;
			buildSettings = {
				ALWAYS_EMBED_SWIFT_STANDARD_LIBRARIES = YES;
				BUNDLE_LOADER = "$(TEST_HOST)";
				CODE_SIGN_STYLE = Automatic;
				CURRENT_PROJECT_VERSION = 1;
				DEVELOPMENT_TEAM = UKXQYP47Y9;
				GENERATE_INFOPLIST_FILE = YES;
				IPHONEOS_DEPLOYMENT_TARGET = 17.0;
				MARKETING_VERSION = 1.0;
				PRODUCT_BUNDLE_IDENTIFIER = com.tahaturan.testone.ShopITTests;
				PRODUCT_NAME = "$(TARGET_NAME)";
				SWIFT_EMIT_LOC_STRINGS = NO;
				SWIFT_VERSION = 5.0;
				TARGETED_DEVICE_FAMILY = "1,2";
				TEST_HOST = "$(BUILT_PRODUCTS_DIR)/ShopIT.app/$(BUNDLE_EXECUTABLE_FOLDER_PATH)/ShopIT";
			};
			name = Release;
		};
		5F60FF572B2AA90500E92218 /* Debug */ = {
			isa = XCBuildConfiguration;
			buildSettings = {
				ALWAYS_EMBED_SWIFT_STANDARD_LIBRARIES = YES;
				CODE_SIGN_STYLE = Automatic;
				CURRENT_PROJECT_VERSION = 1;
				DEVELOPMENT_TEAM = UKXQYP47Y9;
				GENERATE_INFOPLIST_FILE = YES;
				MARKETING_VERSION = 1.0;
				PRODUCT_BUNDLE_IDENTIFIER = com.tahaturan.testone.ShopITUITests;
				PRODUCT_NAME = "$(TARGET_NAME)";
				SWIFT_EMIT_LOC_STRINGS = NO;
				SWIFT_VERSION = 5.0;
				TARGETED_DEVICE_FAMILY = "1,2";
				TEST_TARGET_NAME = ShopIT;
			};
			name = Debug;
		};
		5F60FF582B2AA90500E92218 /* Release */ = {
			isa = XCBuildConfiguration;
			buildSettings = {
				ALWAYS_EMBED_SWIFT_STANDARD_LIBRARIES = YES;
				CODE_SIGN_STYLE = Automatic;
				CURRENT_PROJECT_VERSION = 1;
				DEVELOPMENT_TEAM = UKXQYP47Y9;
				GENERATE_INFOPLIST_FILE = YES;
				MARKETING_VERSION = 1.0;
				PRODUCT_BUNDLE_IDENTIFIER = com.tahaturan.testone.ShopITUITests;
				PRODUCT_NAME = "$(TARGET_NAME)";
				SWIFT_EMIT_LOC_STRINGS = NO;
				SWIFT_VERSION = 5.0;
				TARGETED_DEVICE_FAMILY = "1,2";
				TEST_TARGET_NAME = ShopIT;
			};
			name = Release;
		};
/* End XCBuildConfiguration section */

/* Begin XCConfigurationList section */
		5F60FF212B2AA90400E92218 /* Build configuration list for PBXProject "ShopIT" */ = {
			isa = XCConfigurationList;
			buildConfigurations = (
				5F60FF4E2B2AA90500E92218 /* Debug */,
				5F60FF4F2B2AA90500E92218 /* Release */,
			);
			defaultConfigurationIsVisible = 0;
			defaultConfigurationName = Release;
		};
		5F60FF502B2AA90500E92218 /* Build configuration list for PBXNativeTarget "ShopIT" */ = {
			isa = XCConfigurationList;
			buildConfigurations = (
				5F60FF512B2AA90500E92218 /* Debug */,
				5F60FF522B2AA90500E92218 /* Release */,
			);
			defaultConfigurationIsVisible = 0;
			defaultConfigurationName = Release;
		};
		5F60FF532B2AA90500E92218 /* Build configuration list for PBXNativeTarget "ShopITTests" */ = {
			isa = XCConfigurationList;
			buildConfigurations = (
				5F60FF542B2AA90500E92218 /* Debug */,
				5F60FF552B2AA90500E92218 /* Release */,
			);
			defaultConfigurationIsVisible = 0;
			defaultConfigurationName = Release;
		};
		5F60FF562B2AA90500E92218 /* Build configuration list for PBXNativeTarget "ShopITUITests" */ = {
			isa = XCConfigurationList;
			buildConfigurations = (
				5F60FF572B2AA90500E92218 /* Debug */,
				5F60FF582B2AA90500E92218 /* Release */,
			);
			defaultConfigurationIsVisible = 0;
			defaultConfigurationName = Release;
		};
/* End XCConfigurationList section */

/* Begin XCRemoteSwiftPackageReference section */
		5F60FF622B2AAC8800E92218 /* XCRemoteSwiftPackageReference "SnapKit" */ = {
			isa = XCRemoteSwiftPackageReference;
			repositoryURL = "https://github.com/SnapKit/SnapKit";
			requirement = {
				kind = upToNextMajorVersion;
				minimumVersion = 5.6.0;
			};
		};
/* End XCRemoteSwiftPackageReference section */

/* Begin XCSwiftPackageProductDependency section */
		5F60FF632B2AAC8800E92218 /* SnapKit */ = {
			isa = XCSwiftPackageProductDependency;
			package = 5F60FF622B2AAC8800E92218 /* XCRemoteSwiftPackageReference "SnapKit" */;
			productName = SnapKit;
		};
/* End XCSwiftPackageProductDependency section */
	};
	rootObject = 5F60FF1E2B2AA90400E92218 /* Project object */;
}
